// !$*UTF8*$!
{
	archiveVersion = 1;
	classes = {
	};
	objectVersion = 46;
	objects = {

/* Begin PBXAggregateTarget section */
		4C161972DCC540808363BE2C /* install */ = {
			isa = PBXAggregateTarget;
			buildConfigurationList = 6EB14EC7DD774107AC73DE8C /* Build configuration list for PBXAggregateTarget "install" */;
			buildPhases = (
				93426DA6A4AC2C2AC9CE883C /* CMake PostBuild Rules */,
			);
			dependencies = (
				A0D9093A52CD4E65BB9B5D69 /* PBXTargetDependency */,
			);
			name = install;
			productName = install;
		};
		A5FD1883C18C4AD982DE3EF9 /* ZERO_CHECK */ = {
			isa = PBXAggregateTarget;
			buildConfigurationList = DA1968D519634E87AC9D1D20 /* Build configuration list for PBXAggregateTarget "ZERO_CHECK" */;
			buildPhases = (
				7DD53B6049471FCAD45D7D25 /* Generate CMakeFiles/ZERO_CHECK */,
			);
			dependencies = (
			);
			name = ZERO_CHECK;
			productName = ZERO_CHECK;
		};
		C170553A14944B729938E9E6 /* ALL_BUILD */ = {
			isa = PBXAggregateTarget;
			buildConfigurationList = 53CF29553BC347C5A294FF9F /* Build configuration list for PBXAggregateTarget "ALL_BUILD" */;
			buildPhases = (
				200A410B146BF73D280DBC3C /* Generate CMakeFiles/ALL_BUILD */,
			);
			dependencies = (
				D17A7F0C5FEC4E5CA7C02C27 /* PBXTargetDependency */,
				849DFDDE2FB642BFA8DB1E0E /* PBXTargetDependency */,
			);
			name = ALL_BUILD;
			productName = ALL_BUILD;
		};
/* End PBXAggregateTarget section */

/* Begin PBXBuildFile section */
		05B2D72C2DAF4EA7B2B04040 /* /Users/smallville7123/StudioProjects/Graphical-Tool-Kit/app/src/main/cpp/DiligentEngine/DiligentTools/ThirdParty/imgui/backends/imgui_impl_osx.h */ = {isa = PBXBuildFile; fileRef = 791136D526B946D79242D403 /* /Users/smallville7123/StudioProjects/Graphical-Tool-Kit/app/src/main/cpp/DiligentEngine/DiligentTools/ThirdParty/imgui/backends/imgui_impl_osx.h */; };
		0BC234AD113848E3AC51A61D /* /Users/smallville7123/StudioProjects/Graphical-Tool-Kit/app/src/main/cpp/DiligentEngine/DiligentTools/ThirdParty/imgui/misc/cpp/imgui_stdlib.h */ = {isa = PBXBuildFile; fileRef = ACF57FAF68D74DFCBBEF10F0 /* /Users/smallville7123/StudioProjects/Graphical-Tool-Kit/app/src/main/cpp/DiligentEngine/DiligentTools/ThirdParty/imgui/misc/cpp/imgui_stdlib.h */; };
		0D79D11745914032AFEA493B /* /Users/smallville7123/StudioProjects/Graphical-Tool-Kit/app/src/main/cpp/DiligentEngine/DiligentTools/ThirdParty/imgui/imgui_draw.cpp */ = {isa = PBXBuildFile; fileRef = 93B6230B134C4C28B9925C45 /* /Users/smallville7123/StudioProjects/Graphical-Tool-Kit/app/src/main/cpp/DiligentEngine/DiligentTools/ThirdParty/imgui/imgui_draw.cpp */; };
		24CA2A87A7594BABA9EA0DF0 /* /Users/smallville7123/StudioProjects/Graphical-Tool-Kit/app/src/main/cpp/DiligentEngine/DiligentTools/Imgui/interface/ImGuiImplMacOS.hpp */ = {isa = PBXBuildFile; fileRef = 0F8E030756E64C90883DBB2E /* /Users/smallville7123/StudioProjects/Graphical-Tool-Kit/app/src/main/cpp/DiligentEngine/DiligentTools/Imgui/interface/ImGuiImplMacOS.hpp */; };
		3A58A3761B0540E3995B782B /* /Users/smallville7123/StudioProjects/Graphical-Tool-Kit/app/src/main/cpp/DiligentEngine/DiligentTools/ThirdParty/imgui/imstb_textedit.h */ = {isa = PBXBuildFile; fileRef = B9674574B13D441DAF37619B /* /Users/smallville7123/StudioProjects/Graphical-Tool-Kit/app/src/main/cpp/DiligentEngine/DiligentTools/ThirdParty/imgui/imstb_textedit.h */; };
		3B135EF739CE4152B60E6625 /* /Users/smallville7123/StudioProjects/Graphical-Tool-Kit/app/src/main/cpp/DiligentEngine/DiligentTools/Imgui/src/ImGuiDiligentRenderer.cpp */ = {isa = PBXBuildFile; fileRef = CCEBC457F7D2464A972EB4CF /* /Users/smallville7123/StudioProjects/Graphical-Tool-Kit/app/src/main/cpp/DiligentEngine/DiligentTools/Imgui/src/ImGuiDiligentRenderer.cpp */; };
		47A3D5744F92443AABC03CA8 /* /Users/smallville7123/StudioProjects/Graphical-Tool-Kit/app/src/main/cpp/DiligentEngine/DiligentTools/Imgui/src/ImGuiImplMacOS.mm */ = {isa = PBXBuildFile; fileRef = B15C6081CD4E4E65922B1B1A /* /Users/smallville7123/StudioProjects/Graphical-Tool-Kit/app/src/main/cpp/DiligentEngine/DiligentTools/Imgui/src/ImGuiImplMacOS.mm */; };
		4C3A7310624C4F3198462BF7 /* /Users/smallville7123/StudioProjects/Graphical-Tool-Kit/app/src/main/cpp/DiligentEngine/DiligentTools/ThirdParty/imgui/misc/cpp/imgui_stdlib.cpp */ = {isa = PBXBuildFile; fileRef = C64FAAE9CE1F4219BE4BE9C3 /* /Users/smallville7123/StudioProjects/Graphical-Tool-Kit/app/src/main/cpp/DiligentEngine/DiligentTools/ThirdParty/imgui/misc/cpp/imgui_stdlib.cpp */; };
		62283AE1C6E643BABC295F2B /* /Users/smallville7123/StudioProjects/Graphical-Tool-Kit/app/src/main/cpp/DiligentEngine/DiligentTools/ThirdParty/imgui/imconfig.h */ = {isa = PBXBuildFile; fileRef = 3EDBDEBE976545899DE31C55 /* /Users/smallville7123/StudioProjects/Graphical-Tool-Kit/app/src/main/cpp/DiligentEngine/DiligentTools/ThirdParty/imgui/imconfig.h */; };
		758B448F72824F5899784078 /* /Users/smallville7123/StudioProjects/Graphical-Tool-Kit/app/src/main/cpp/DiligentEngine/DiligentTools/ThirdParty/imGuIZMO.quat/imGuIZMO.h */ = {isa = PBXBuildFile; fileRef = 95CE0CB9B32045ADA7635B08 /* /Users/smallville7123/StudioProjects/Graphical-Tool-Kit/app/src/main/cpp/DiligentEngine/DiligentTools/ThirdParty/imGuIZMO.quat/imGuIZMO.h */; };
		76ACE802091448D093F68D80 /* /Users/smallville7123/StudioProjects/Graphical-Tool-Kit/app/src/main/cpp/DiligentEngine/DiligentTools/ThirdParty/imgui/imstb_truetype.h */ = {isa = PBXBuildFile; fileRef = 2DCCEA7456714F94ABA1464E /* /Users/smallville7123/StudioProjects/Graphical-Tool-Kit/app/src/main/cpp/DiligentEngine/DiligentTools/ThirdParty/imgui/imstb_truetype.h */; };
		7F2C91142271400CB9D6B386 /* /Users/smallville7123/StudioProjects/Graphical-Tool-Kit/app/src/main/cpp/DiligentEngine/DiligentTools/ThirdParty/imgui/imgui_tables.cpp */ = {isa = PBXBuildFile; fileRef = 36F4512C75F245659B817B16 /* /Users/smallville7123/StudioProjects/Graphical-Tool-Kit/app/src/main/cpp/DiligentEngine/DiligentTools/ThirdParty/imgui/imgui_tables.cpp */; };
		9F3E19DEBF1641F8B6869640 /* /Users/smallville7123/StudioProjects/Graphical-Tool-Kit/app/src/main/cpp/DiligentEngine/DiligentTools/Imgui/interface/ImGuiImplDiligent.hpp */ = {isa = PBXBuildFile; fileRef = F0DEC7257C3F4AB28EE507EA /* /Users/smallville7123/StudioProjects/Graphical-Tool-Kit/app/src/main/cpp/DiligentEngine/DiligentTools/Imgui/interface/ImGuiImplDiligent.hpp */; };
		A9A75B6CEA7E4B7DBF449BD3 /* /Users/smallville7123/StudioProjects/Graphical-Tool-Kit/app/src/main/cpp/DiligentEngine/DiligentTools/Imgui/interface/ImGuiUtils.hpp */ = {isa = PBXBuildFile; fileRef = CEDDED614A5044F683464B47 /* /Users/smallville7123/StudioProjects/Graphical-Tool-Kit/app/src/main/cpp/DiligentEngine/DiligentTools/Imgui/interface/ImGuiUtils.hpp */; };
		AAAD845E3B2B40968D5BF263 /* /Users/smallville7123/StudioProjects/Graphical-Tool-Kit/app/src/main/cpp/DiligentEngine/DiligentTools/ThirdParty/imgui/backends/imgui_impl_osx.mm */ = {isa = PBXBuildFile; fileRef = B2774476AF7346A0BDEC3BB4 /* /Users/smallville7123/StudioProjects/Graphical-Tool-Kit/app/src/main/cpp/DiligentEngine/DiligentTools/ThirdParty/imgui/backends/imgui_impl_osx.mm */; };
		B0BE996C558441E3B69D61EA /* /Users/smallville7123/StudioProjects/Graphical-Tool-Kit/app/src/main/cpp/DiligentEngine/DiligentTools/ThirdParty/imgui/imgui.h */ = {isa = PBXBuildFile; fileRef = FA3F993106D045D1BA121417 /* /Users/smallville7123/StudioProjects/Graphical-Tool-Kit/app/src/main/cpp/DiligentEngine/DiligentTools/ThirdParty/imgui/imgui.h */; };
		CFD5826114C048D0ABBAC4F9 /* /Users/smallville7123/StudioProjects/Graphical-Tool-Kit/app/src/main/cpp/DiligentEngine/DiligentTools/Imgui/interface/ImGuiDiligentRenderer.hpp */ = {isa = PBXBuildFile; fileRef = D730CF389AA44AD091F34F35 /* /Users/smallville7123/StudioProjects/Graphical-Tool-Kit/app/src/main/cpp/DiligentEngine/DiligentTools/Imgui/interface/ImGuiDiligentRenderer.hpp */; };
		D231EDDF7560463580452BF5 /* /Users/smallville7123/StudioProjects/Graphical-Tool-Kit/app/src/main/cpp/DiligentEngine/DiligentTools/ThirdParty/imGuIZMO.quat/imGuIZMO.cpp */ = {isa = PBXBuildFile; fileRef = DDD3A1250BF14371B1C74B24 /* /Users/smallville7123/StudioProjects/Graphical-Tool-Kit/app/src/main/cpp/DiligentEngine/DiligentTools/ThirdParty/imGuIZMO.quat/imGuIZMO.cpp */; };
		DB4B6F10478947138A3C7884 /* /Users/smallville7123/StudioProjects/Graphical-Tool-Kit/app/src/main/cpp/DiligentEngine/DiligentTools/ThirdParty/imgui/imgui.cpp */ = {isa = PBXBuildFile; fileRef = 76D0C842A9144B7B8FD68F0A /* /Users/smallville7123/StudioProjects/Graphical-Tool-Kit/app/src/main/cpp/DiligentEngine/DiligentTools/ThirdParty/imgui/imgui.cpp */; };
		DEDACE3C4A514EC4B25629A1 /* /Users/smallville7123/StudioProjects/Graphical-Tool-Kit/app/src/main/cpp/DiligentEngine/DiligentTools/ThirdParty/imgui/imgui_widgets.cpp */ = {isa = PBXBuildFile; fileRef = 03BB2D06B28A4FB69DC5ED42 /* /Users/smallville7123/StudioProjects/Graphical-Tool-Kit/app/src/main/cpp/DiligentEngine/DiligentTools/ThirdParty/imgui/imgui_widgets.cpp */; };
		E72F3ECC3A7F4DBD9F4CA95C /* /Users/smallville7123/StudioProjects/Graphical-Tool-Kit/app/src/main/cpp/DiligentEngine/DiligentTools/ThirdParty/imgui/imgui_internal.h */ = {isa = PBXBuildFile; fileRef = E8BABAB0FF804A9A8C18AEED /* /Users/smallville7123/StudioProjects/Graphical-Tool-Kit/app/src/main/cpp/DiligentEngine/DiligentTools/ThirdParty/imgui/imgui_internal.h */; };
		F2CD697470A34E6D92B85AB4 /* /Users/smallville7123/StudioProjects/Graphical-Tool-Kit/app/src/main/cpp/DiligentEngine/DiligentTools/Imgui/src/ImGuiImplDiligent.cpp */ = {isa = PBXBuildFile; fileRef = 302F023B415B4CC7B15369A4 /* /Users/smallville7123/StudioProjects/Graphical-Tool-Kit/app/src/main/cpp/DiligentEngine/DiligentTools/Imgui/src/ImGuiImplDiligent.cpp */; };
		F792F73360424F29B555F621 /* /Users/smallville7123/StudioProjects/Graphical-Tool-Kit/app/src/main/cpp/DiligentEngine/DiligentTools/ThirdParty/imgui/imstb_rectpack.h */ = {isa = PBXBuildFile; fileRef = 058224EFE22E427B8BFA4F41 /* /Users/smallville7123/StudioProjects/Graphical-Tool-Kit/app/src/main/cpp/DiligentEngine/DiligentTools/ThirdParty/imgui/imstb_rectpack.h */; };
		FB1697B64F3E4445AA28A402 /* /Users/smallville7123/StudioProjects/Graphical-Tool-Kit/app/src/main/cpp/DiligentEngine/DiligentTools/Imgui/CMakeLists.txt */ = {isa = PBXBuildFile; fileRef = 7A3DA946FF1E4F0B8A422A49 /* /Users/smallville7123/StudioProjects/Graphical-Tool-Kit/app/src/main/cpp/DiligentEngine/DiligentTools/Imgui/CMakeLists.txt */; };
/* End PBXBuildFile section */

/* Begin PBXBuildStyle section */
		0CF182583CEE4E93A9DEC181 /* Debug */ = {
			isa = PBXBuildStyle;
			buildSettings = {
				COPY_PHASE_STRIP = NO;
			};
			name = Debug;
		};
		265770D8F3D1451A8EA23239 /* MinSizeRel */ = {
			isa = PBXBuildStyle;
			buildSettings = {
				COPY_PHASE_STRIP = NO;
			};
			name = MinSizeRel;
		};
		58EC522DE5DA41C3963E9494 /* RelWithDebInfo */ = {
			isa = PBXBuildStyle;
			buildSettings = {
				COPY_PHASE_STRIP = NO;
			};
			name = RelWithDebInfo;
		};
		643134DC7814426CAE7C3A2D /* Release */ = {
			isa = PBXBuildStyle;
			buildSettings = {
				COPY_PHASE_STRIP = NO;
			};
			name = Release;
		};
/* End PBXBuildStyle section */

/* Begin PBXContainerItemProxy section */
		0293FA6125C648D2A84FEBEA /* PBXContainerItemProxy */ = {
			isa = PBXContainerItemProxy;
			containerPortal = 4D90389C9470464D8CC4B820 /* Project object */;
			proxyType = 1;
			remoteGlobalIDString = A5FD1883C18C4AD982DE3EF9;
			remoteInfo = ZERO_CHECK;
		};
		0EF80995868C4805B75E1A1F /* PBXContainerItemProxy */ = {
			isa = PBXContainerItemProxy;
			containerPortal = 4D90389C9470464D8CC4B820 /* Project object */;
			proxyType = 1;
			remoteGlobalIDString = A5FD1883C18C4AD982DE3EF9;
			remoteInfo = ZERO_CHECK;
		};
		24F4D5AAB4494819BF5BD13F /* PBXContainerItemProxy */ = {
			isa = PBXContainerItemProxy;
			containerPortal = 4D90389C9470464D8CC4B820 /* Project object */;
			proxyType = 1;
			remoteGlobalIDString = E5B8969094A24A37B1B45B10;
			remoteInfo = "Diligent-Imgui";
		};
		CF3748B20E0C4A1F9D4C78A9 /* PBXContainerItemProxy */ = {
			isa = PBXContainerItemProxy;
			containerPortal = 4D90389C9470464D8CC4B820 /* Project object */;
			proxyType = 1;
			remoteGlobalIDString = C170553A14944B729938E9E6;
			remoteInfo = ALL_BUILD;
		};
/* End PBXContainerItemProxy section */

/* Begin PBXFileReference section */
		03BB2D06B28A4FB69DC5ED42 /* /Users/smallville7123/StudioProjects/Graphical-Tool-Kit/app/src/main/cpp/DiligentEngine/DiligentTools/ThirdParty/imgui/imgui_widgets.cpp */ = {isa = PBXFileReference; explicitFileType = sourcecode.cpp.cpp; fileEncoding = 4; name = imgui_widgets.cpp; path = ../ThirdParty/imgui/imgui_widgets.cpp; sourceTree = SOURCE_ROOT; };
		058224EFE22E427B8BFA4F41 /* /Users/smallville7123/StudioProjects/Graphical-Tool-Kit/app/src/main/cpp/DiligentEngine/DiligentTools/ThirdParty/imgui/imstb_rectpack.h */ = {isa = PBXFileReference; explicitFileType = sourcecode.c.h; fileEncoding = 4; name = imstb_rectpack.h; path = ../ThirdParty/imgui/imstb_rectpack.h; sourceTree = SOURCE_ROOT; };
		0F8E030756E64C90883DBB2E /* /Users/smallville7123/StudioProjects/Graphical-Tool-Kit/app/src/main/cpp/DiligentEngine/DiligentTools/Imgui/interface/ImGuiImplMacOS.hpp */ = {isa = PBXFileReference; explicitFileType = sourcecode.cpp.h; fileEncoding = 4; name = ImGuiImplMacOS.hpp; path = interface/ImGuiImplMacOS.hpp; sourceTree = SOURCE_ROOT; };
		2DCCEA7456714F94ABA1464E /* /Users/smallville7123/StudioProjects/Graphical-Tool-Kit/app/src/main/cpp/DiligentEngine/DiligentTools/ThirdParty/imgui/imstb_truetype.h */ = {isa = PBXFileReference; explicitFileType = sourcecode.c.h; fileEncoding = 4; name = imstb_truetype.h; path = ../ThirdParty/imgui/imstb_truetype.h; sourceTree = SOURCE_ROOT; };
		302F023B415B4CC7B15369A4 /* /Users/smallville7123/StudioProjects/Graphical-Tool-Kit/app/src/main/cpp/DiligentEngine/DiligentTools/Imgui/src/ImGuiImplDiligent.cpp */ = {isa = PBXFileReference; explicitFileType = sourcecode.cpp.cpp; fileEncoding = 4; name = ImGuiImplDiligent.cpp; path = src/ImGuiImplDiligent.cpp; sourceTree = SOURCE_ROOT; };
		36F4512C75F245659B817B16 /* /Users/smallville7123/StudioProjects/Graphical-Tool-Kit/app/src/main/cpp/DiligentEngine/DiligentTools/ThirdParty/imgui/imgui_tables.cpp */ = {isa = PBXFileReference; explicitFileType = sourcecode.cpp.cpp; fileEncoding = 4; name = imgui_tables.cpp; path = ../ThirdParty/imgui/imgui_tables.cpp; sourceTree = SOURCE_ROOT; };
		3EDBDEBE976545899DE31C55 /* /Users/smallville7123/StudioProjects/Graphical-Tool-Kit/app/src/main/cpp/DiligentEngine/DiligentTools/ThirdParty/imgui/imconfig.h */ = {isa = PBXFileReference; explicitFileType = sourcecode.c.h; fileEncoding = 4; name = imconfig.h; path = ../ThirdParty/imgui/imconfig.h; sourceTree = SOURCE_ROOT; };
		52C75DDD150D4DA6A6D65A84 /* /Users/smallville7123/StudioProjects/Graphical-Tool-Kit/app/src/main/cpp/DiligentEngine/DiligentTools/Imgui/CMakeLists.txt */ = {isa = PBXFileReference; explicitFileType = sourcecode.text; fileEncoding = 4; name = CMakeLists.txt; path = CMakeLists.txt; sourceTree = SOURCE_ROOT; };
		76D0C842A9144B7B8FD68F0A /* /Users/smallville7123/StudioProjects/Graphical-Tool-Kit/app/src/main/cpp/DiligentEngine/DiligentTools/ThirdParty/imgui/imgui.cpp */ = {isa = PBXFileReference; explicitFileType = sourcecode.cpp.cpp; fileEncoding = 4; name = imgui.cpp; path = ../ThirdParty/imgui/imgui.cpp; sourceTree = SOURCE_ROOT; };
		791136D526B946D79242D403 /* /Users/smallville7123/StudioProjects/Graphical-Tool-Kit/app/src/main/cpp/DiligentEngine/DiligentTools/ThirdParty/imgui/backends/imgui_impl_osx.h */ = {isa = PBXFileReference; explicitFileType = sourcecode.c.h; fileEncoding = 4; name = imgui_impl_osx.h; path = ../ThirdParty/imgui/backends/imgui_impl_osx.h; sourceTree = SOURCE_ROOT; };
		7A3DA946FF1E4F0B8A422A49 /* /Users/smallville7123/StudioProjects/Graphical-Tool-Kit/app/src/main/cpp/DiligentEngine/DiligentTools/Imgui/CMakeLists.txt */ = {isa = PBXFileReference; explicitFileType = sourcecode.text; fileEncoding = 4; name = CMakeLists.txt; path = CMakeLists.txt; sourceTree = SOURCE_ROOT; };
		835C680DE54749EC8E6250B7 /* Diligent-Imgui */ = {isa = PBXFileReference; explicitFileType = archive.ar; path = "libDiligent-Imgui.a"; sourceTree = BUILT_PRODUCTS_DIR; };
		93B6230B134C4C28B9925C45 /* /Users/smallville7123/StudioProjects/Graphical-Tool-Kit/app/src/main/cpp/DiligentEngine/DiligentTools/ThirdParty/imgui/imgui_draw.cpp */ = {isa = PBXFileReference; explicitFileType = sourcecode.cpp.cpp; fileEncoding = 4; name = imgui_draw.cpp; path = ../ThirdParty/imgui/imgui_draw.cpp; sourceTree = SOURCE_ROOT; };
		95CE0CB9B32045ADA7635B08 /* /Users/smallville7123/StudioProjects/Graphical-Tool-Kit/app/src/main/cpp/DiligentEngine/DiligentTools/ThirdParty/imGuIZMO.quat/imGuIZMO.h */ = {isa = PBXFileReference; explicitFileType = sourcecode.c.h; fileEncoding = 4; name = imGuIZMO.h; path = ../ThirdParty/imGuIZMO.quat/imGuIZMO.h; sourceTree = SOURCE_ROOT; };
		ACF57FAF68D74DFCBBEF10F0 /* /Users/smallville7123/StudioProjects/Graphical-Tool-Kit/app/src/main/cpp/DiligentEngine/DiligentTools/ThirdParty/imgui/misc/cpp/imgui_stdlib.h */ = {isa = PBXFileReference; explicitFileType = sourcecode.c.h; fileEncoding = 4; name = imgui_stdlib.h; path = ../ThirdParty/imgui/misc/cpp/imgui_stdlib.h; sourceTree = SOURCE_ROOT; };
		B15C6081CD4E4E65922B1B1A /* /Users/smallville7123/StudioProjects/Graphical-Tool-Kit/app/src/main/cpp/DiligentEngine/DiligentTools/Imgui/src/ImGuiImplMacOS.mm */ = {isa = PBXFileReference; explicitFileType = sourcecode.cpp.objcpp; fileEncoding = 4; name = ImGuiImplMacOS.mm; path = src/ImGuiImplMacOS.mm; sourceTree = SOURCE_ROOT; };
		B2774476AF7346A0BDEC3BB4 /* /Users/smallville7123/StudioProjects/Graphical-Tool-Kit/app/src/main/cpp/DiligentEngine/DiligentTools/ThirdParty/imgui/backends/imgui_impl_osx.mm */ = {isa = PBXFileReference; explicitFileType = sourcecode.cpp.objcpp; fileEncoding = 4; name = imgui_impl_osx.mm; path = ../ThirdParty/imgui/backends/imgui_impl_osx.mm; sourceTree = SOURCE_ROOT; };
		B9674574B13D441DAF37619B /* /Users/smallville7123/StudioProjects/Graphical-Tool-Kit/app/src/main/cpp/DiligentEngine/DiligentTools/ThirdParty/imgui/imstb_textedit.h */ = {isa = PBXFileReference; explicitFileType = sourcecode.c.h; fileEncoding = 4; name = imstb_textedit.h; path = ../ThirdParty/imgui/imstb_textedit.h; sourceTree = SOURCE_ROOT; };
		C64FAAE9CE1F4219BE4BE9C3 /* /Users/smallville7123/StudioProjects/Graphical-Tool-Kit/app/src/main/cpp/DiligentEngine/DiligentTools/ThirdParty/imgui/misc/cpp/imgui_stdlib.cpp */ = {isa = PBXFileReference; explicitFileType = sourcecode.cpp.cpp; fileEncoding = 4; name = imgui_stdlib.cpp; path = ../ThirdParty/imgui/misc/cpp/imgui_stdlib.cpp; sourceTree = SOURCE_ROOT; };
		CCEBC457F7D2464A972EB4CF /* /Users/smallville7123/StudioProjects/Graphical-Tool-Kit/app/src/main/cpp/DiligentEngine/DiligentTools/Imgui/src/ImGuiDiligentRenderer.cpp */ = {isa = PBXFileReference; explicitFileType = sourcecode.cpp.cpp; fileEncoding = 4; name = ImGuiDiligentRenderer.cpp; path = src/ImGuiDiligentRenderer.cpp; sourceTree = SOURCE_ROOT; };
		CEDDED614A5044F683464B47 /* /Users/smallville7123/StudioProjects/Graphical-Tool-Kit/app/src/main/cpp/DiligentEngine/DiligentTools/Imgui/interface/ImGuiUtils.hpp */ = {isa = PBXFileReference; explicitFileType = sourcecode.cpp.h; fileEncoding = 4; name = ImGuiUtils.hpp; path = interface/ImGuiUtils.hpp; sourceTree = SOURCE_ROOT; };
		D730CF389AA44AD091F34F35 /* /Users/smallville7123/StudioProjects/Graphical-Tool-Kit/app/src/main/cpp/DiligentEngine/DiligentTools/Imgui/interface/ImGuiDiligentRenderer.hpp */ = {isa = PBXFileReference; explicitFileType = sourcecode.cpp.h; fileEncoding = 4; name = ImGuiDiligentRenderer.hpp; path = interface/ImGuiDiligentRenderer.hpp; sourceTree = SOURCE_ROOT; };
		DDD3A1250BF14371B1C74B24 /* /Users/smallville7123/StudioProjects/Graphical-Tool-Kit/app/src/main/cpp/DiligentEngine/DiligentTools/ThirdParty/imGuIZMO.quat/imGuIZMO.cpp */ = {isa = PBXFileReference; explicitFileType = sourcecode.cpp.cpp; fileEncoding = 4; name = imGuIZMO.cpp; path = ../ThirdParty/imGuIZMO.quat/imGuIZMO.cpp; sourceTree = SOURCE_ROOT; };
		E8BABAB0FF804A9A8C18AEED /* /Users/smallville7123/StudioProjects/Graphical-Tool-Kit/app/src/main/cpp/DiligentEngine/DiligentTools/ThirdParty/imgui/imgui_internal.h */ = {isa = PBXFileReference; explicitFileType = sourcecode.c.h; fileEncoding = 4; name = imgui_internal.h; path = ../ThirdParty/imgui/imgui_internal.h; sourceTree = SOURCE_ROOT; };
		F0DEC7257C3F4AB28EE507EA /* /Users/smallville7123/StudioProjects/Graphical-Tool-Kit/app/src/main/cpp/DiligentEngine/DiligentTools/Imgui/interface/ImGuiImplDiligent.hpp */ = {isa = PBXFileReference; explicitFileType = sourcecode.cpp.h; fileEncoding = 4; name = ImGuiImplDiligent.hpp; path = interface/ImGuiImplDiligent.hpp; sourceTree = SOURCE_ROOT; };
		FA3F993106D045D1BA121417 /* /Users/smallville7123/StudioProjects/Graphical-Tool-Kit/app/src/main/cpp/DiligentEngine/DiligentTools/ThirdParty/imgui/imgui.h */ = {isa = PBXFileReference; explicitFileType = sourcecode.c.h; fileEncoding = 4; name = imgui.h; path = ../ThirdParty/imgui/imgui.h; sourceTree = SOURCE_ROOT; };
/* End PBXFileReference section */

/* Begin PBXFrameworksBuildPhase section */
		70265FE3E1A347428FBA63D7 /* Frameworks */ = {
			isa = PBXFrameworksBuildPhase;
			buildActionMask = 2147483647;
			files = (
			);
			runOnlyForDeploymentPostprocessing = 0;
		};
/* End PBXFrameworksBuildPhase section */

/* Begin PBXGroup section */
		058A58F088F74CAA974861B2 /* interface */ = {
			isa = PBXGroup;
			children = (
				D730CF389AA44AD091F34F35 /* /Users/smallville7123/StudioProjects/Graphical-Tool-Kit/app/src/main/cpp/DiligentEngine/DiligentTools/Imgui/interface/ImGuiDiligentRenderer.hpp */,
				F0DEC7257C3F4AB28EE507EA /* /Users/smallville7123/StudioProjects/Graphical-Tool-Kit/app/src/main/cpp/DiligentEngine/DiligentTools/Imgui/interface/ImGuiImplDiligent.hpp */,
				0F8E030756E64C90883DBB2E /* /Users/smallville7123/StudioProjects/Graphical-Tool-Kit/app/src/main/cpp/DiligentEngine/DiligentTools/Imgui/interface/ImGuiImplMacOS.hpp */,
				CEDDED614A5044F683464B47 /* /Users/smallville7123/StudioProjects/Graphical-Tool-Kit/app/src/main/cpp/DiligentEngine/DiligentTools/Imgui/interface/ImGuiUtils.hpp */,
			);
			name = interface;
			sourceTree = "<group>";
		};
		0959372031854CD49B2BD907 /* dear_imgui */ = {
			isa = PBXGroup;
			children = (
				E38D61B77C3A4D67AAB07A14 /* misc */,
				B8C99C829AF243979D343A93 /* backends */,
				3EDBDEBE976545899DE31C55 /* /Users/smallville7123/StudioProjects/Graphical-Tool-Kit/app/src/main/cpp/DiligentEngine/DiligentTools/ThirdParty/imgui/imconfig.h */,
				76D0C842A9144B7B8FD68F0A /* /Users/smallville7123/StudioProjects/Graphical-Tool-Kit/app/src/main/cpp/DiligentEngine/DiligentTools/ThirdParty/imgui/imgui.cpp */,
				FA3F993106D045D1BA121417 /* /Users/smallville7123/StudioProjects/Graphical-Tool-Kit/app/src/main/cpp/DiligentEngine/DiligentTools/ThirdParty/imgui/imgui.h */,
				93B6230B134C4C28B9925C45 /* /Users/smallville7123/StudioProjects/Graphical-Tool-Kit/app/src/main/cpp/DiligentEngine/DiligentTools/ThirdParty/imgui/imgui_draw.cpp */,
				E8BABAB0FF804A9A8C18AEED /* /Users/smallville7123/StudioProjects/Graphical-Tool-Kit/app/src/main/cpp/DiligentEngine/DiligentTools/ThirdParty/imgui/imgui_internal.h */,
				36F4512C75F245659B817B16 /* /Users/smallville7123/StudioProjects/Graphical-Tool-Kit/app/src/main/cpp/DiligentEngine/DiligentTools/ThirdParty/imgui/imgui_tables.cpp */,
				03BB2D06B28A4FB69DC5ED42 /* /Users/smallville7123/StudioProjects/Graphical-Tool-Kit/app/src/main/cpp/DiligentEngine/DiligentTools/ThirdParty/imgui/imgui_widgets.cpp */,
				058224EFE22E427B8BFA4F41 /* /Users/smallville7123/StudioProjects/Graphical-Tool-Kit/app/src/main/cpp/DiligentEngine/DiligentTools/ThirdParty/imgui/imstb_rectpack.h */,
				B9674574B13D441DAF37619B /* /Users/smallville7123/StudioProjects/Graphical-Tool-Kit/app/src/main/cpp/DiligentEngine/DiligentTools/ThirdParty/imgui/imstb_textedit.h */,
				2DCCEA7456714F94ABA1464E /* /Users/smallville7123/StudioProjects/Graphical-Tool-Kit/app/src/main/cpp/DiligentEngine/DiligentTools/ThirdParty/imgui/imstb_truetype.h */,
			);
			name = dear_imgui;
			sourceTree = "<group>";
		};
		0BC909A7DE7C461CA80CB10B /* CMake Rules */ = {
			isa = PBXGroup;
			children = (
			);
			name = "CMake Rules";
			sourceTree = "<group>";
		};
		1D9A893932B643A49E4CAC97 /* Products */ = {
			isa = PBXGroup;
			children = (
				835C680DE54749EC8E6250B7 /* Diligent-Imgui */,
			);
			name = Products;
			sourceTree = "<group>";
		};
		1FB988D505EA495F9EA61EF5 /* ALL_BUILD */ = {
			isa = PBXGroup;
			children = (
				0BC909A7DE7C461CA80CB10B /* CMake Rules */,
				52C75DDD150D4DA6A6D65A84 /* /Users/smallville7123/StudioProjects/Graphical-Tool-Kit/app/src/main/cpp/DiligentEngine/DiligentTools/Imgui/CMakeLists.txt */,
			);
			name = ALL_BUILD;
			sourceTree = "<group>";
		};
		20BFC20562C0496EBB41C189 /* Diligent-Imgui */ = {
			isa = PBXGroup;
			children = (
				727A246AABD14440B3425E78 /* src */,
				058A58F088F74CAA974861B2 /* interface */,
				0959372031854CD49B2BD907 /* dear_imgui */,
				556A43E87DF24949AA2F9E0C /* imGuIZMO.quat */,
				7A3DA946FF1E4F0B8A422A49 /* /Users/smallville7123/StudioProjects/Graphical-Tool-Kit/app/src/main/cpp/DiligentEngine/DiligentTools/Imgui/CMakeLists.txt */,
			);
			name = "Diligent-Imgui";
			sourceTree = "<group>";
		};
		556A43E87DF24949AA2F9E0C /* imGuIZMO.quat */ = {
			isa = PBXGroup;
			children = (
				DDD3A1250BF14371B1C74B24 /* /Users/smallville7123/StudioProjects/Graphical-Tool-Kit/app/src/main/cpp/DiligentEngine/DiligentTools/ThirdParty/imGuIZMO.quat/imGuIZMO.cpp */,
				95CE0CB9B32045ADA7635B08 /* /Users/smallville7123/StudioProjects/Graphical-Tool-Kit/app/src/main/cpp/DiligentEngine/DiligentTools/ThirdParty/imGuIZMO.quat/imGuIZMO.h */,
			);
			name = imGuIZMO.quat;
			sourceTree = "<group>";
		};
		727A246AABD14440B3425E78 /* src */ = {
			isa = PBXGroup;
			children = (
				CCEBC457F7D2464A972EB4CF /* /Users/smallville7123/StudioProjects/Graphical-Tool-Kit/app/src/main/cpp/DiligentEngine/DiligentTools/Imgui/src/ImGuiDiligentRenderer.cpp */,
				302F023B415B4CC7B15369A4 /* /Users/smallville7123/StudioProjects/Graphical-Tool-Kit/app/src/main/cpp/DiligentEngine/DiligentTools/Imgui/src/ImGuiImplDiligent.cpp */,
				B15C6081CD4E4E65922B1B1A /* /Users/smallville7123/StudioProjects/Graphical-Tool-Kit/app/src/main/cpp/DiligentEngine/DiligentTools/Imgui/src/ImGuiImplMacOS.mm */,
			);
			name = src;
			sourceTree = "<group>";
		};
		835A984308A24C3E8B5989DB /* cpp */ = {
			isa = PBXGroup;
			children = (
				C64FAAE9CE1F4219BE4BE9C3 /* /Users/smallville7123/StudioProjects/Graphical-Tool-Kit/app/src/main/cpp/DiligentEngine/DiligentTools/ThirdParty/imgui/misc/cpp/imgui_stdlib.cpp */,
				ACF57FAF68D74DFCBBEF10F0 /* /Users/smallville7123/StudioProjects/Graphical-Tool-Kit/app/src/main/cpp/DiligentEngine/DiligentTools/ThirdParty/imgui/misc/cpp/imgui_stdlib.h */,
			);
			name = cpp;
			sourceTree = "<group>";
		};
		849F4AD857CD480A90219EF5 = {
			isa = PBXGroup;
			children = (
				8B10C49C609A4E268D4911CA /* DiligentTools */,
				1FB988D505EA495F9EA61EF5 /* ALL_BUILD */,
				1D9A893932B643A49E4CAC97 /* Products */,
				BD33D0F5036F40DC90E15C6B /* Frameworks */,
			);
			sourceTree = "<group>";
		};
		8B10C49C609A4E268D4911CA /* DiligentTools */ = {
			isa = PBXGroup;
			children = (
				20BFC20562C0496EBB41C189 /* Diligent-Imgui */,
			);
			name = DiligentTools;
			sourceTree = "<group>";
		};
		B8C99C829AF243979D343A93 /* backends */ = {
			isa = PBXGroup;
			children = (
				791136D526B946D79242D403 /* /Users/smallville7123/StudioProjects/Graphical-Tool-Kit/app/src/main/cpp/DiligentEngine/DiligentTools/ThirdParty/imgui/backends/imgui_impl_osx.h */,
				B2774476AF7346A0BDEC3BB4 /* /Users/smallville7123/StudioProjects/Graphical-Tool-Kit/app/src/main/cpp/DiligentEngine/DiligentTools/ThirdParty/imgui/backends/imgui_impl_osx.mm */,
			);
			name = backends;
			sourceTree = "<group>";
		};
		BD33D0F5036F40DC90E15C6B /* Frameworks */ = {
			isa = PBXGroup;
			children = (
			);
			name = Frameworks;
			sourceTree = "<group>";
		};
		E38D61B77C3A4D67AAB07A14 /* misc */ = {
			isa = PBXGroup;
			children = (
				835A984308A24C3E8B5989DB /* cpp */,
			);
			name = misc;
			sourceTree = "<group>";
		};
/* End PBXGroup section */

/* Begin PBXNativeTarget section */
		E5B8969094A24A37B1B45B10 /* Diligent-Imgui */ = {
			isa = PBXNativeTarget;
			buildConfigurationList = 0A1270A328054241906AE5F8 /* Build configuration list for PBXNativeTarget "Diligent-Imgui" */;
			buildPhases = (
				E928800631E84C7392011572 /* Sources */,
				70265FE3E1A347428FBA63D7 /* Frameworks */,
			);
			buildRules = (
			);
			dependencies = (
				E0CF2F380E8D4D1AB765703C /* PBXTargetDependency */,
			);
			name = "Diligent-Imgui";
			productName = "Diligent-Imgui";
			productReference = 835C680DE54749EC8E6250B7 /* Diligent-Imgui */;
			productType = "com.apple.product-type.library.static";
		};
/* End PBXNativeTarget section */

/* Begin PBXProject section */
		4D90389C9470464D8CC4B820 /* Project object */ = {
			isa = PBXProject;
			attributes = {
				BuildIndependentTargetsInParallel = YES;
				LastUpgradeCheck = 1240;
			};
			buildConfigurationList = 351174344255474880B8F278 /* Build configuration list for PBXProject "Diligent-Imgui" */;
			buildSettings = {
			};
			buildStyles = (
				0CF182583CEE4E93A9DEC181 /* Debug */,
				643134DC7814426CAE7C3A2D /* Release */,
				265770D8F3D1451A8EA23239 /* MinSizeRel */,
				58EC522DE5DA41C3963E9494 /* RelWithDebInfo */,
			);
			compatibilityVersion = "Xcode 3.2";
			hasScannedForEncodings = 0;
			mainGroup = 849F4AD857CD480A90219EF5;
			projectDirPath = "/Users/smallville7123/StudioProjects/Graphical-Tool-Kit/app/src/main/cpp/DiligentEngine/DiligentTools/Imgui";
			projectRoot = "";
			targets = (
				C170553A14944B729938E9E6 /* ALL_BUILD */,
				E5B8969094A24A37B1B45B10 /* Diligent-Imgui */,
				A5FD1883C18C4AD982DE3EF9 /* ZERO_CHECK */,
				4C161972DCC540808363BE2C /* install */,
			);
		};
/* End PBXProject section */

/* Begin PBXShellScriptBuildPhase section */
		200A410B146BF73D280DBC3C /* Generate CMakeFiles/ALL_BUILD */ = {
			isa = PBXShellScriptBuildPhase;
			alwaysOutOfDate = 1;
			buildActionMask = 2147483647;
			files = (
			);
			inputPaths = (
			);
			name = "Generate CMakeFiles/ALL_BUILD";
			outputPaths = (
"/Users/smallville7123/StudioProjects/Graphical-Tool-Kit/MacOS/IMPORTED_CMAKE_PROJECTS/cpp/DiligentEngine/DiligentTools/Imgui/CMakeFiles/ALL_BUILD"			);
			runOnlyForDeploymentPostprocessing = 0;
			shellPath = /bin/sh;
			shellScript = "set -e
if test \"$CONFIGURATION\" = \"Debug\"; then :
  cd /Users/smallville7123/StudioProjects/Graphical-Tool-Kit/MacOS/IMPORTED_CMAKE_PROJECTS/cpp/DiligentEngine/DiligentTools/Imgui
  echo Build\\ all\\ projects
fi
if test \"$CONFIGURATION\" = \"Release\"; then :
  cd /Users/smallville7123/StudioProjects/Graphical-Tool-Kit/MacOS/IMPORTED_CMAKE_PROJECTS/cpp/DiligentEngine/DiligentTools/Imgui
  echo Build\\ all\\ projects
fi
if test \"$CONFIGURATION\" = \"MinSizeRel\"; then :
  cd /Users/smallville7123/StudioProjects/Graphical-Tool-Kit/MacOS/IMPORTED_CMAKE_PROJECTS/cpp/DiligentEngine/DiligentTools/Imgui
  echo Build\\ all\\ projects
fi
if test \"$CONFIGURATION\" = \"RelWithDebInfo\"; then :
  cd /Users/smallville7123/StudioProjects/Graphical-Tool-Kit/MacOS/IMPORTED_CMAKE_PROJECTS/cpp/DiligentEngine/DiligentTools/Imgui
  echo Build\\ all\\ projects
fi
";
			showEnvVarsInLog = 0;
		};
		3C0110FC8322DE7E50886E21 = {
			isa = PBXShellScriptBuildPhase;
			buildActionMask = 2147483647;
			files = (
			);
			inputPaths = (
			);
			outputPaths = (
			);
			runOnlyForDeploymentPostprocessing = 0;
			shellPath = /bin/sh;
			shellScript = "# shell script goes here
exit 0";
			showEnvVarsInLog = 0;
		};
		7DD53B6049471FCAD45D7D25 /* Generate CMakeFiles/ZERO_CHECK */ = {
			isa = PBXShellScriptBuildPhase;
			alwaysOutOfDate = 1;
			buildActionMask = 2147483647;
			files = (
			);
			inputPaths = (
			);
			name = "Generate CMakeFiles/ZERO_CHECK";
			outputPaths = (
"/Users/smallville7123/StudioProjects/Graphical-Tool-Kit/MacOS/IMPORTED_CMAKE_PROJECTS/cpp/DiligentEngine/DiligentTools/Imgui/CMakeFiles/ZERO_CHECK"			);
			runOnlyForDeploymentPostprocessing = 0;
			shellPath = /bin/sh;
			shellScript = "set -e
if test \"$CONFIGURATION\" = \"Debug\"; then :
  cd /Users/smallville7123/StudioProjects/Graphical-Tool-Kit/MacOS/IMPORTED_CMAKE_PROJECTS/cpp/DiligentEngine/DiligentTools/Imgui
  make -f /Users/smallville7123/StudioProjects/Graphical-Tool-Kit/MacOS/IMPORTED_CMAKE_PROJECTS/cpp/DiligentEngine/DiligentTools/Imgui/CMakeScripts/ReRunCMake.make
fi
if test \"$CONFIGURATION\" = \"Release\"; then :
  cd /Users/smallville7123/StudioProjects/Graphical-Tool-Kit/MacOS/IMPORTED_CMAKE_PROJECTS/cpp/DiligentEngine/DiligentTools/Imgui
  make -f /Users/smallville7123/StudioProjects/Graphical-Tool-Kit/MacOS/IMPORTED_CMAKE_PROJECTS/cpp/DiligentEngine/DiligentTools/Imgui/CMakeScripts/ReRunCMake.make
fi
if test \"$CONFIGURATION\" = \"MinSizeRel\"; then :
  cd /Users/smallville7123/StudioProjects/Graphical-Tool-Kit/MacOS/IMPORTED_CMAKE_PROJECTS/cpp/DiligentEngine/DiligentTools/Imgui
  make -f /Users/smallville7123/StudioProjects/Graphical-Tool-Kit/MacOS/IMPORTED_CMAKE_PROJECTS/cpp/DiligentEngine/DiligentTools/Imgui/CMakeScripts/ReRunCMake.make
fi
if test \"$CONFIGURATION\" = \"RelWithDebInfo\"; then :
  cd /Users/smallville7123/StudioProjects/Graphical-Tool-Kit/MacOS/IMPORTED_CMAKE_PROJECTS/cpp/DiligentEngine/DiligentTools/Imgui
  make -f /Users/smallville7123/StudioProjects/Graphical-Tool-Kit/MacOS/IMPORTED_CMAKE_PROJECTS/cpp/DiligentEngine/DiligentTools/Imgui/CMakeScripts/ReRunCMake.make
fi
";
			showEnvVarsInLog = 0;
		};
		87AF4882E018677E2624B544 = {
			isa = PBXShellScriptBuildPhase;
			buildActionMask = 2147483647;
			files = (
			);
			inputPaths = (
			);
			outputPaths = (
			);
			runOnlyForDeploymentPostprocessing = 0;
			shellPath = /bin/sh;
			shellScript = "# shell script goes here
exit 0";
			showEnvVarsInLog = 0;
		};
		93426DA6A4AC2C2AC9CE883C /* CMake PostBuild Rules */ = {
			isa = PBXShellScriptBuildPhase;
			alwaysOutOfDate = 1;
			buildActionMask = 2147483647;
			files = (
			);
			name = "CMake PostBuild Rules";
			outputPaths = (
			);
			runOnlyForDeploymentPostprocessing = 0;
			shellPath = /bin/sh;
			shellScript = "set -e
if test \"$CONFIGURATION\" = \"Debug\"; then :
  cd /Users/smallville7123/StudioProjects/Graphical-Tool-Kit/MacOS/IMPORTED_CMAKE_PROJECTS/cpp/DiligentEngine/DiligentTools/Imgui
  /usr/local/Cellar/cmake/3.20.5/bin/cmake -DBUILD_TYPE=$CONFIGURATION$EFFECTIVE_PLATFORM_NAME -P cmake_install.cmake
fi
if test \"$CONFIGURATION\" = \"Release\"; then :
  cd /Users/smallville7123/StudioProjects/Graphical-Tool-Kit/MacOS/IMPORTED_CMAKE_PROJECTS/cpp/DiligentEngine/DiligentTools/Imgui
  /usr/local/Cellar/cmake/3.20.5/bin/cmake -DBUILD_TYPE=$CONFIGURATION$EFFECTIVE_PLATFORM_NAME -P cmake_install.cmake
fi
if test \"$CONFIGURATION\" = \"MinSizeRel\"; then :
  cd /Users/smallville7123/StudioProjects/Graphical-Tool-Kit/MacOS/IMPORTED_CMAKE_PROJECTS/cpp/DiligentEngine/DiligentTools/Imgui
  /usr/local/Cellar/cmake/3.20.5/bin/cmake -DBUILD_TYPE=$CONFIGURATION$EFFECTIVE_PLATFORM_NAME -P cmake_install.cmake
fi
if test \"$CONFIGURATION\" = \"RelWithDebInfo\"; then :
  cd /Users/smallville7123/StudioProjects/Graphical-Tool-Kit/MacOS/IMPORTED_CMAKE_PROJECTS/cpp/DiligentEngine/DiligentTools/Imgui
  /usr/local/Cellar/cmake/3.20.5/bin/cmake -DBUILD_TYPE=$CONFIGURATION$EFFECTIVE_PLATFORM_NAME -P cmake_install.cmake
fi
";
			showEnvVarsInLog = 0;
		};
		9B50530E35CC49C82C2FACCF = {
			isa = PBXShellScriptBuildPhase;
			buildActionMask = 2147483647;
			files = (
			);
			inputPaths = (
			);
			outputPaths = (
			);
			runOnlyForDeploymentPostprocessing = 0;
			shellPath = /bin/sh;
			shellScript = "# shell script goes here
exit 0";
			showEnvVarsInLog = 0;
		};
/* End PBXShellScriptBuildPhase section */

/* Begin PBXSourcesBuildPhase section */
		E928800631E84C7392011572 /* Sources */ = {
			isa = PBXSourcesBuildPhase;
			buildActionMask = 2147483647;
			files = (
				3B135EF739CE4152B60E6625 /* /Users/smallville7123/StudioProjects/Graphical-Tool-Kit/app/src/main/cpp/DiligentEngine/DiligentTools/Imgui/src/ImGuiDiligentRenderer.cpp */,
				F2CD697470A34E6D92B85AB4 /* /Users/smallville7123/StudioProjects/Graphical-Tool-Kit/app/src/main/cpp/DiligentEngine/DiligentTools/Imgui/src/ImGuiImplDiligent.cpp */,
				47A3D5744F92443AABC03CA8 /* /Users/smallville7123/StudioProjects/Graphical-Tool-Kit/app/src/main/cpp/DiligentEngine/DiligentTools/Imgui/src/ImGuiImplMacOS.mm */,
				D231EDDF7560463580452BF5 /* /Users/smallville7123/StudioProjects/Graphical-Tool-Kit/app/src/main/cpp/DiligentEngine/DiligentTools/ThirdParty/imGuIZMO.quat/imGuIZMO.cpp */,
				AAAD845E3B2B40968D5BF263 /* /Users/smallville7123/StudioProjects/Graphical-Tool-Kit/app/src/main/cpp/DiligentEngine/DiligentTools/ThirdParty/imgui/backends/imgui_impl_osx.mm */,
				DB4B6F10478947138A3C7884 /* /Users/smallville7123/StudioProjects/Graphical-Tool-Kit/app/src/main/cpp/DiligentEngine/DiligentTools/ThirdParty/imgui/imgui.cpp */,
				0D79D11745914032AFEA493B /* /Users/smallville7123/StudioProjects/Graphical-Tool-Kit/app/src/main/cpp/DiligentEngine/DiligentTools/ThirdParty/imgui/imgui_draw.cpp */,
				7F2C91142271400CB9D6B386 /* /Users/smallville7123/StudioProjects/Graphical-Tool-Kit/app/src/main/cpp/DiligentEngine/DiligentTools/ThirdParty/imgui/imgui_tables.cpp */,
				DEDACE3C4A514EC4B25629A1 /* /Users/smallville7123/StudioProjects/Graphical-Tool-Kit/app/src/main/cpp/DiligentEngine/DiligentTools/ThirdParty/imgui/imgui_widgets.cpp */,
				4C3A7310624C4F3198462BF7 /* /Users/smallville7123/StudioProjects/Graphical-Tool-Kit/app/src/main/cpp/DiligentEngine/DiligentTools/ThirdParty/imgui/misc/cpp/imgui_stdlib.cpp */,
			);
			runOnlyForDeploymentPostprocessing = 0;
		};
/* End PBXSourcesBuildPhase section */

/* Begin PBXTargetDependency section */
		849DFDDE2FB642BFA8DB1E0E /* PBXTargetDependency */ = {
			isa = PBXTargetDependency;
			target = E5B8969094A24A37B1B45B10 /* Diligent-Imgui */;
			targetProxy = 24F4D5AAB4494819BF5BD13F /* PBXContainerItemProxy */;
		};
		A0D9093A52CD4E65BB9B5D69 /* PBXTargetDependency */ = {
			isa = PBXTargetDependency;
			target = C170553A14944B729938E9E6 /* ALL_BUILD */;
			targetProxy = CF3748B20E0C4A1F9D4C78A9 /* PBXContainerItemProxy */;
		};
		D17A7F0C5FEC4E5CA7C02C27 /* PBXTargetDependency */ = {
			isa = PBXTargetDependency;
			target = A5FD1883C18C4AD982DE3EF9 /* ZERO_CHECK */;
			targetProxy = 0293FA6125C648D2A84FEBEA /* PBXContainerItemProxy */;
		};
		E0CF2F380E8D4D1AB765703C /* PBXTargetDependency */ = {
			isa = PBXTargetDependency;
			target = A5FD1883C18C4AD982DE3EF9 /* ZERO_CHECK */;
			targetProxy = 0EF80995868C4805B75E1A1F /* PBXContainerItemProxy */;
		};
/* End PBXTargetDependency section */

/* Begin XCBuildConfiguration section */
		0E089CB7BAF641A7B8AED265 /* Debug */ = {
			isa = XCBuildConfiguration;
			buildSettings = {
				COMBINE_HIDPI_IMAGES = YES;
				GCC_GENERATE_DEBUGGING_SYMBOLS = YES;
				GCC_INLINES_ARE_PRIVATE_EXTERN = NO;
				GCC_OPTIMIZATION_LEVEL = 0;
				GCC_PREPROCESSOR_DEFINITIONS = ("'CMAKE_INTDIR=\"$(CONFIGURATION)$(EFFECTIVE_PLATFORM_NAME)\"'");
				GCC_SYMBOLS_PRIVATE_EXTERN = NO;
				INSTALL_PATH = "";
				OTHER_LDFLAGS = ("");
				OTHER_REZFLAGS = "";
				PRODUCT_NAME = ALL_BUILD;
				SECTORDER_FLAGS = "";
				SYMROOT = "/Users/smallville7123/StudioProjects/Graphical-Tool-Kit/MacOS/IMPORTED_CMAKE_PROJECTS/cpp/DiligentEngine/DiligentTools/Imgui";
				USE_HEADERMAP = NO;
				WARNING_CFLAGS = ("$(inherited)");
			};
			name = Debug;
		};
		32CB56BD785446699934FB17 /* MinSizeRel */ = {
			isa = XCBuildConfiguration;
			buildSettings = {
				COMBINE_HIDPI_IMAGES = YES;
				GCC_GENERATE_DEBUGGING_SYMBOLS = YES;
				GCC_INLINES_ARE_PRIVATE_EXTERN = NO;
				GCC_OPTIMIZATION_LEVEL = 0;
				GCC_PREPROCESSOR_DEFINITIONS = ("'CMAKE_INTDIR=\"$(CONFIGURATION)$(EFFECTIVE_PLATFORM_NAME)\"'");
				GCC_SYMBOLS_PRIVATE_EXTERN = NO;
				INSTALL_PATH = "";
				OTHER_LDFLAGS = ("");
				OTHER_REZFLAGS = "";
				PRODUCT_NAME = ZERO_CHECK;
				SECTORDER_FLAGS = "";
				SYMROOT = "/Users/smallville7123/StudioProjects/Graphical-Tool-Kit/MacOS/IMPORTED_CMAKE_PROJECTS/cpp/DiligentEngine/DiligentTools/Imgui";
				USE_HEADERMAP = NO;
				WARNING_CFLAGS = ("$(inherited)");
			};
			name = MinSizeRel;
		};
		32E1342E11E44542B7AE7B07 /* Release */ = {
			isa = XCBuildConfiguration;
			buildSettings = {
				COMBINE_HIDPI_IMAGES = YES;
				GCC_GENERATE_DEBUGGING_SYMBOLS = YES;
				GCC_INLINES_ARE_PRIVATE_EXTERN = NO;
				GCC_OPTIMIZATION_LEVEL = 0;
				GCC_PREPROCESSOR_DEFINITIONS = ("'CMAKE_INTDIR=\"$(CONFIGURATION)$(EFFECTIVE_PLATFORM_NAME)\"'");
				GCC_SYMBOLS_PRIVATE_EXTERN = NO;
				INSTALL_PATH = "";
				OTHER_LDFLAGS = ("");
				OTHER_REZFLAGS = "";
				PRODUCT_NAME = install;
				SECTORDER_FLAGS = "";
				SYMROOT = "/Users/smallville7123/StudioProjects/Graphical-Tool-Kit/MacOS/IMPORTED_CMAKE_PROJECTS/cpp/DiligentEngine/DiligentTools/Imgui";
				USE_HEADERMAP = NO;
				WARNING_CFLAGS = ("$(inherited)");
			};
			name = Release;
		};
		4FBBD0B39BB54A56950C8183 /* RelWithDebInfo */ = {
			isa = XCBuildConfiguration;
			buildSettings = {
				COMBINE_HIDPI_IMAGES = YES;
				EXECUTABLE_PREFIX = lib;
				EXECUTABLE_SUFFIX = .a;
				GCC_GENERATE_DEBUGGING_SYMBOLS = YES;
				GCC_INLINES_ARE_PRIVATE_EXTERN = NO;
				GCC_OPTIMIZATION_LEVEL = 2;
				GCC_PREPROCESSOR_DEFINITIONS = ("'CMAKE_INTDIR=\"$(CONFIGURATION)$(EFFECTIVE_PLATFORM_NAME)\"'",PLATFORM_MACOS,PLATFORM_APPLE,NDEBUG,"'__forceinline=inline'","'PLATFORM_MACOS=1'","'D3D11_SUPPORTED=0'","'D3D12_SUPPORTED=0'","'GL_SUPPORTED=1'","'GLES_SUPPORTED=0'","'VULKAN_SUPPORTED=0'","'METAL_SUPPORTED=0'");
				GCC_SYMBOLS_PRIVATE_EXTERN = NO;
				HEADER_SEARCH_PATHS = ("/Users/smallville7123/StudioProjects/Graphical-Tool-Kit/app/src/main/cpp/WINAPI_KERNEL","/Users/smallville7123/StudioProjects/Graphical-Tool-Kit/app/src/main/cpp/MultiTouch/DiligentLog/Primitives/interface","/Users/smallville7123/StudioProjects/Graphical-Tool-Kit/app/src/main/cpp/DiligentEngine/DiligentTools/Imgui/interface","/Users/smallville7123/StudioProjects/Graphical-Tool-Kit/app/src/main/cpp/DiligentEngine/DiligentTools/Imgui/../ThirdParty/imGuIZMO.quat","/Users/smallville7123/StudioProjects/Graphical-Tool-Kit/app/src/main/cpp/DiligentEngine/DiligentTools/Imgui/../ThirdParty/imgui","/Users/smallville7123/StudioProjects/Graphical-Tool-Kit/app/src/main/cpp/DiligentEngine/DiligentTools/Imgui/include","/Users/smallville7123/StudioProjects/Graphical-Tool-Kit/app/src/main/cpp/DiligentEngine/DiligentCore/Common/interface","/Users/smallville7123/StudioProjects/Graphical-Tool-Kit/app/src/main/cpp/MultiTouch/DiligentLog/Platforms/Apple/interface","/Users/smallville7123/StudioProjects/Graphical-Tool-Kit/app/src/main/cpp/MultiTouch/DiligentLog/Platforms/Basic/interface","/Users/smallville7123/StudioProjects/Graphical-Tool-Kit/app/src/main/cpp/MultiTouch/DiligentLog/Platforms/interface","/Users/smallville7123/StudioProjects/Graphical-Tool-Kit/app/src/main/cpp/DiligentEngine/DiligentCore/Graphics/GraphicsEngine/interface","/Users/smallville7123/StudioProjects/Graphical-Tool-Kit/app/src/main/cpp/DiligentEngine/DiligentCore/Graphics/GraphicsAccessories/interface","/Users/smallville7123/StudioProjects/Graphical-Tool-Kit/app/src/main/cpp/DiligentEngine/DiligentCore/Graphics/GraphicsTools/interface","$(inherited)");
				INSTALL_PATH = "";
				LIBRARY_STYLE = STATIC;
				OTHER_CPLUSPLUSFLAGS = "       -DNDEBUG -fPIC -fvisibility=hidden -fvisibility-inlines-hidden -Werror -Wall -Wextra -Wuninitialized -Wconditional-uninitialized -Wextra-tokens -Wpointer-arith -Wloop-analysis -Wunused -Wno-overloaded-virtual -Wno-incompatible-pointer-types-discards-qualifiers -Wno-unknown-pragmas -Wno-zero-as-null-pointer-constant -Wno-unused-parameter -Wno-unused-variable '-std=c++14' ";
				OTHER_LIBTOOLFLAGS = ("");
				OTHER_REZFLAGS = "";
				PRODUCT_NAME = "Diligent-Imgui";
				SECTORDER_FLAGS = "";
				SYMROOT = "/Users/smallville7123/StudioProjects/Graphical-Tool-Kit/MacOS/IMPORTED_CMAKE_PROJECTS/cpp/DiligentEngine/DiligentTools/Imgui";
				USE_HEADERMAP = NO;
				WARNING_CFLAGS = ("$(inherited)");
			};
			name = RelWithDebInfo;
		};
		58642BCF36A44DF1ADD96F17 /* MinSizeRel */ = {
			isa = XCBuildConfiguration;
			buildSettings = {
				COMBINE_HIDPI_IMAGES = YES;
				GCC_GENERATE_DEBUGGING_SYMBOLS = YES;
				GCC_INLINES_ARE_PRIVATE_EXTERN = NO;
				GCC_OPTIMIZATION_LEVEL = 0;
				GCC_PREPROCESSOR_DEFINITIONS = ("'CMAKE_INTDIR=\"$(CONFIGURATION)$(EFFECTIVE_PLATFORM_NAME)\"'");
				GCC_SYMBOLS_PRIVATE_EXTERN = NO;
				INSTALL_PATH = "";
				OTHER_LDFLAGS = ("");
				OTHER_REZFLAGS = "";
				PRODUCT_NAME = install;
				SECTORDER_FLAGS = "";
				SYMROOT = "/Users/smallville7123/StudioProjects/Graphical-Tool-Kit/MacOS/IMPORTED_CMAKE_PROJECTS/cpp/DiligentEngine/DiligentTools/Imgui";
				USE_HEADERMAP = NO;
				WARNING_CFLAGS = ("$(inherited)");
			};
			name = MinSizeRel;
		};
		647712C8A85048949719A234 /* RelWithDebInfo */ = {
			isa = XCBuildConfiguration;
			buildSettings = {
				ARCHS = "$(NATIVE_ARCH_ACTUAL)";
				MACOSX_DEPLOYMENT_TARGET = 10.15;
				ONLY_ACTIVE_ARCH = YES;
				SDKROOT = /Applications/Xcode.app/Contents/Developer/Platforms/MacOSX.platform/Developer/SDKs/MacOSX11.1.sdk;
				SYMROOT = "/Users/smallville7123/StudioProjects/Graphical-Tool-Kit/MacOS/IMPORTED_CMAKE_PROJECTS/cpp/DiligentEngine/DiligentTools/Imgui/build";
			};
			name = RelWithDebInfo;
		};
		76E83EA9622C4702A9D1AF76 /* Debug */ = {
			isa = XCBuildConfiguration;
			buildSettings = {
				COMBINE_HIDPI_IMAGES = YES;
				GCC_GENERATE_DEBUGGING_SYMBOLS = YES;
				GCC_INLINES_ARE_PRIVATE_EXTERN = NO;
				GCC_OPTIMIZATION_LEVEL = 0;
				GCC_PREPROCESSOR_DEFINITIONS = ("'CMAKE_INTDIR=\"$(CONFIGURATION)$(EFFECTIVE_PLATFORM_NAME)\"'");
				GCC_SYMBOLS_PRIVATE_EXTERN = NO;
				INSTALL_PATH = "";
				OTHER_LDFLAGS = ("");
				OTHER_REZFLAGS = "";
				PRODUCT_NAME = ZERO_CHECK;
				SECTORDER_FLAGS = "";
				SYMROOT = "/Users/smallville7123/StudioProjects/Graphical-Tool-Kit/MacOS/IMPORTED_CMAKE_PROJECTS/cpp/DiligentEngine/DiligentTools/Imgui";
				USE_HEADERMAP = NO;
				WARNING_CFLAGS = ("$(inherited)");
			};
			name = Debug;
		};
		89F4CA7000774B5A8C96C9DE /* Debug */ = {
			isa = XCBuildConfiguration;
			buildSettings = {
				COMBINE_HIDPI_IMAGES = YES;
				GCC_GENERATE_DEBUGGING_SYMBOLS = YES;
				GCC_INLINES_ARE_PRIVATE_EXTERN = NO;
				GCC_OPTIMIZATION_LEVEL = 0;
				GCC_PREPROCESSOR_DEFINITIONS = ("'CMAKE_INTDIR=\"$(CONFIGURATION)$(EFFECTIVE_PLATFORM_NAME)\"'");
				GCC_SYMBOLS_PRIVATE_EXTERN = NO;
				INSTALL_PATH = "";
				OTHER_LDFLAGS = ("");
				OTHER_REZFLAGS = "";
				PRODUCT_NAME = install;
				SECTORDER_FLAGS = "";
				SYMROOT = "/Users/smallville7123/StudioProjects/Graphical-Tool-Kit/MacOS/IMPORTED_CMAKE_PROJECTS/cpp/DiligentEngine/DiligentTools/Imgui";
				USE_HEADERMAP = NO;
				WARNING_CFLAGS = ("$(inherited)");
			};
			name = Debug;
		};
		9877714736B347ED8F4B9972 /* Release */ = {
			isa = XCBuildConfiguration;
			buildSettings = {
				ARCHS = "$(NATIVE_ARCH_ACTUAL)";
				MACOSX_DEPLOYMENT_TARGET = 10.15;
				ONLY_ACTIVE_ARCH = YES;
				SDKROOT = /Applications/Xcode.app/Contents/Developer/Platforms/MacOSX.platform/Developer/SDKs/MacOSX11.1.sdk;
				SYMROOT = "/Users/smallville7123/StudioProjects/Graphical-Tool-Kit/MacOS/IMPORTED_CMAKE_PROJECTS/cpp/DiligentEngine/DiligentTools/Imgui/build";
			};
			name = Release;
		};
		AF0B33DBF1FA480B89EC2E35 /* RelWithDebInfo */ = {
			isa = XCBuildConfiguration;
			buildSettings = {
				COMBINE_HIDPI_IMAGES = YES;
				GCC_GENERATE_DEBUGGING_SYMBOLS = YES;
				GCC_INLINES_ARE_PRIVATE_EXTERN = NO;
				GCC_OPTIMIZATION_LEVEL = 0;
				GCC_PREPROCESSOR_DEFINITIONS = ("'CMAKE_INTDIR=\"$(CONFIGURATION)$(EFFECTIVE_PLATFORM_NAME)\"'");
				GCC_SYMBOLS_PRIVATE_EXTERN = NO;
				INSTALL_PATH = "";
				OTHER_LDFLAGS = ("");
				OTHER_REZFLAGS = "";
				PRODUCT_NAME = ALL_BUILD;
				SECTORDER_FLAGS = "";
				SYMROOT = "/Users/smallville7123/StudioProjects/Graphical-Tool-Kit/MacOS/IMPORTED_CMAKE_PROJECTS/cpp/DiligentEngine/DiligentTools/Imgui";
				USE_HEADERMAP = NO;
				WARNING_CFLAGS = ("$(inherited)");
			};
			name = RelWithDebInfo;
		};
		AF30E11762F24C3A8939EF0E /* RelWithDebInfo */ = {
			isa = XCBuildConfiguration;
			buildSettings = {
				COMBINE_HIDPI_IMAGES = YES;
				GCC_GENERATE_DEBUGGING_SYMBOLS = YES;
				GCC_INLINES_ARE_PRIVATE_EXTERN = NO;
				GCC_OPTIMIZATION_LEVEL = 0;
				GCC_PREPROCESSOR_DEFINITIONS = ("'CMAKE_INTDIR=\"$(CONFIGURATION)$(EFFECTIVE_PLATFORM_NAME)\"'");
				GCC_SYMBOLS_PRIVATE_EXTERN = NO;
				INSTALL_PATH = "";
				OTHER_LDFLAGS = ("");
				OTHER_REZFLAGS = "";
				PRODUCT_NAME = install;
				SECTORDER_FLAGS = "";
				SYMROOT = "/Users/smallville7123/StudioProjects/Graphical-Tool-Kit/MacOS/IMPORTED_CMAKE_PROJECTS/cpp/DiligentEngine/DiligentTools/Imgui";
				USE_HEADERMAP = NO;
				WARNING_CFLAGS = ("$(inherited)");
			};
			name = RelWithDebInfo;
		};
		C7FA6765B52C454AA9A5C89E /* Debug */ = {
			isa = XCBuildConfiguration;
			buildSettings = {
				ARCHS = "$(NATIVE_ARCH_ACTUAL)";
				MACOSX_DEPLOYMENT_TARGET = 10.15;
				ONLY_ACTIVE_ARCH = YES;
				SDKROOT = /Applications/Xcode.app/Contents/Developer/Platforms/MacOSX.platform/Developer/SDKs/MacOSX11.1.sdk;
				SYMROOT = "/Users/smallville7123/StudioProjects/Graphical-Tool-Kit/MacOS/IMPORTED_CMAKE_PROJECTS/cpp/DiligentEngine/DiligentTools/Imgui/build";
			};
			name = Debug;
		};
		CA4886670851406D9AFBCE91 /* Release */ = {
			isa = XCBuildConfiguration;
			buildSettings = {
				COMBINE_HIDPI_IMAGES = YES;
				GCC_GENERATE_DEBUGGING_SYMBOLS = YES;
				GCC_INLINES_ARE_PRIVATE_EXTERN = NO;
				GCC_OPTIMIZATION_LEVEL = 0;
				GCC_PREPROCESSOR_DEFINITIONS = ("'CMAKE_INTDIR=\"$(CONFIGURATION)$(EFFECTIVE_PLATFORM_NAME)\"'");
				GCC_SYMBOLS_PRIVATE_EXTERN = NO;
				INSTALL_PATH = "";
				OTHER_LDFLAGS = ("");
				OTHER_REZFLAGS = "";
				PRODUCT_NAME = ZERO_CHECK;
				SECTORDER_FLAGS = "";
				SYMROOT = "/Users/smallville7123/StudioProjects/Graphical-Tool-Kit/MacOS/IMPORTED_CMAKE_PROJECTS/cpp/DiligentEngine/DiligentTools/Imgui";
				USE_HEADERMAP = NO;
				WARNING_CFLAGS = ("$(inherited)");
			};
			name = Release;
		};
		CBB2178C588F41988967F7C9 /* RelWithDebInfo */ = {
			isa = XCBuildConfiguration;
			buildSettings = {
				COMBINE_HIDPI_IMAGES = YES;
				GCC_GENERATE_DEBUGGING_SYMBOLS = YES;
				GCC_INLINES_ARE_PRIVATE_EXTERN = NO;
				GCC_OPTIMIZATION_LEVEL = 0;
				GCC_PREPROCESSOR_DEFINITIONS = ("'CMAKE_INTDIR=\"$(CONFIGURATION)$(EFFECTIVE_PLATFORM_NAME)\"'");
				GCC_SYMBOLS_PRIVATE_EXTERN = NO;
				INSTALL_PATH = "";
				OTHER_LDFLAGS = ("");
				OTHER_REZFLAGS = "";
				PRODUCT_NAME = ZERO_CHECK;
				SECTORDER_FLAGS = "";
				SYMROOT = "/Users/smallville7123/StudioProjects/Graphical-Tool-Kit/MacOS/IMPORTED_CMAKE_PROJECTS/cpp/DiligentEngine/DiligentTools/Imgui";
				USE_HEADERMAP = NO;
				WARNING_CFLAGS = ("$(inherited)");
			};
			name = RelWithDebInfo;
		};
		D62FFAE5CDEB4980B25E22FF /* Release */ = {
			isa = XCBuildConfiguration;
			buildSettings = {
				COMBINE_HIDPI_IMAGES = YES;
				GCC_GENERATE_DEBUGGING_SYMBOLS = YES;
				GCC_INLINES_ARE_PRIVATE_EXTERN = NO;
				GCC_OPTIMIZATION_LEVEL = 0;
				GCC_PREPROCESSOR_DEFINITIONS = ("'CMAKE_INTDIR=\"$(CONFIGURATION)$(EFFECTIVE_PLATFORM_NAME)\"'");
				GCC_SYMBOLS_PRIVATE_EXTERN = NO;
				INSTALL_PATH = "";
				OTHER_LDFLAGS = ("");
				OTHER_REZFLAGS = "";
				PRODUCT_NAME = ALL_BUILD;
				SECTORDER_FLAGS = "";
				SYMROOT = "/Users/smallville7123/StudioProjects/Graphical-Tool-Kit/MacOS/IMPORTED_CMAKE_PROJECTS/cpp/DiligentEngine/DiligentTools/Imgui";
				USE_HEADERMAP = NO;
				WARNING_CFLAGS = ("$(inherited)");
			};
			name = Release;
		};
		DB0944280FD64C888AEF9690 /* Release */ = {
			isa = XCBuildConfiguration;
			buildSettings = {
				COMBINE_HIDPI_IMAGES = YES;
				EXECUTABLE_PREFIX = lib;
				EXECUTABLE_SUFFIX = .a;
				GCC_GENERATE_DEBUGGING_SYMBOLS = NO;
				GCC_INLINES_ARE_PRIVATE_EXTERN = NO;
				GCC_OPTIMIZATION_LEVEL = 3;
				GCC_PREPROCESSOR_DEFINITIONS = ("'CMAKE_INTDIR=\"$(CONFIGURATION)$(EFFECTIVE_PLATFORM_NAME)\"'",PLATFORM_MACOS,PLATFORM_APPLE,NDEBUG,"'__forceinline=inline'","'PLATFORM_MACOS=1'","'D3D11_SUPPORTED=0'","'D3D12_SUPPORTED=0'","'GL_SUPPORTED=1'","'GLES_SUPPORTED=0'","'VULKAN_SUPPORTED=0'","'METAL_SUPPORTED=0'");
				GCC_SYMBOLS_PRIVATE_EXTERN = NO;
				HEADER_SEARCH_PATHS = ("/Users/smallville7123/StudioProjects/Graphical-Tool-Kit/app/src/main/cpp/WINAPI_KERNEL","/Users/smallville7123/StudioProjects/Graphical-Tool-Kit/app/src/main/cpp/MultiTouch/DiligentLog/Primitives/interface","/Users/smallville7123/StudioProjects/Graphical-Tool-Kit/app/src/main/cpp/DiligentEngine/DiligentTools/Imgui/interface","/Users/smallville7123/StudioProjects/Graphical-Tool-Kit/app/src/main/cpp/DiligentEngine/DiligentTools/Imgui/../ThirdParty/imGuIZMO.quat","/Users/smallville7123/StudioProjects/Graphical-Tool-Kit/app/src/main/cpp/DiligentEngine/DiligentTools/Imgui/../ThirdParty/imgui","/Users/smallville7123/StudioProjects/Graphical-Tool-Kit/app/src/main/cpp/DiligentEngine/DiligentTools/Imgui/include","/Users/smallville7123/StudioProjects/Graphical-Tool-Kit/app/src/main/cpp/DiligentEngine/DiligentCore/Common/interface","/Users/smallville7123/StudioProjects/Graphical-Tool-Kit/app/src/main/cpp/MultiTouch/DiligentLog/Platforms/Apple/interface","/Users/smallville7123/StudioProjects/Graphical-Tool-Kit/app/src/main/cpp/MultiTouch/DiligentLog/Platforms/Basic/interface","/Users/smallville7123/StudioProjects/Graphical-Tool-Kit/app/src/main/cpp/MultiTouch/DiligentLog/Platforms/interface","/Users/smallville7123/StudioProjects/Graphical-Tool-Kit/app/src/main/cpp/DiligentEngine/DiligentCore/Graphics/GraphicsEngine/interface","/Users/smallville7123/StudioProjects/Graphical-Tool-Kit/app/src/main/cpp/DiligentEngine/DiligentCore/Graphics/GraphicsAccessories/interface","/Users/smallville7123/StudioProjects/Graphical-Tool-Kit/app/src/main/cpp/DiligentEngine/DiligentCore/Graphics/GraphicsTools/interface","$(inherited)");
				INSTALL_PATH = "";
				LIBRARY_STYLE = STATIC;
				OTHER_CPLUSPLUSFLAGS = "    -DNDEBUG -fPIC -fvisibility=hidden -fvisibility-inlines-hidden -Werror -Wall -Wextra -Wuninitialized -Wconditional-uninitialized -Wextra-tokens -Wpointer-arith -Wloop-analysis -Wunused -Wno-overloaded-virtual -Wno-incompatible-pointer-types-discards-qualifiers -Wno-unknown-pragmas -Wno-zero-as-null-pointer-constant -Wno-unused-parameter -Wno-unused-variable '-std=c++14' ";
				OTHER_LIBTOOLFLAGS = ("");
				OTHER_REZFLAGS = "";
				PRODUCT_NAME = "Diligent-Imgui";
				SECTORDER_FLAGS = "";
				SYMROOT = "/Users/smallville7123/StudioProjects/Graphical-Tool-Kit/MacOS/IMPORTED_CMAKE_PROJECTS/cpp/DiligentEngine/DiligentTools/Imgui";
				USE_HEADERMAP = NO;
				WARNING_CFLAGS = ("$(inherited)");
			};
			name = Release;
		};
		EA2100DAF23D4AD89A65FCCC /* Debug */ = {
			isa = XCBuildConfiguration;
			buildSettings = {
				COMBINE_HIDPI_IMAGES = YES;
				EXECUTABLE_PREFIX = lib;
				EXECUTABLE_SUFFIX = .a;
				GCC_GENERATE_DEBUGGING_SYMBOLS = YES;
				GCC_INLINES_ARE_PRIVATE_EXTERN = NO;
				GCC_OPTIMIZATION_LEVEL = 0;
				GCC_PREPROCESSOR_DEFINITIONS = ("'CMAKE_INTDIR=\"$(CONFIGURATION)$(EFFECTIVE_PLATFORM_NAME)\"'",PLATFORM_MACOS,PLATFORM_APPLE,_DEBUG,DEBUG,"'__forceinline=inline'","'PLATFORM_MACOS=1'","'D3D11_SUPPORTED=0'","'D3D12_SUPPORTED=0'","'GL_SUPPORTED=1'","'GLES_SUPPORTED=0'","'VULKAN_SUPPORTED=0'","'METAL_SUPPORTED=0'",DILIGENT_DEVELOPMENT,DILIGENT_DEBUG);
				GCC_SYMBOLS_PRIVATE_EXTERN = NO;
				HEADER_SEARCH_PATHS = ("/Users/smallville7123/StudioProjects/Graphical-Tool-Kit/app/src/main/cpp/WINAPI_KERNEL","/Users/smallville7123/StudioProjects/Graphical-Tool-Kit/app/src/main/cpp/MultiTouch/DiligentLog/Primitives/interface","/Users/smallville7123/StudioProjects/Graphical-Tool-Kit/app/src/main/cpp/DiligentEngine/DiligentTools/Imgui/interface","/Users/smallville7123/StudioProjects/Graphical-Tool-Kit/app/src/main/cpp/DiligentEngine/DiligentTools/Imgui/../ThirdParty/imGuIZMO.quat","/Users/smallville7123/StudioProjects/Graphical-Tool-Kit/app/src/main/cpp/DiligentEngine/DiligentTools/Imgui/../ThirdParty/imgui","/Users/smallville7123/StudioProjects/Graphical-Tool-Kit/app/src/main/cpp/DiligentEngine/DiligentTools/Imgui/include","/Users/smallville7123/StudioProjects/Graphical-Tool-Kit/app/src/main/cpp/DiligentEngine/DiligentCore/Common/interface","/Users/smallville7123/StudioProjects/Graphical-Tool-Kit/app/src/main/cpp/MultiTouch/DiligentLog/Platforms/Apple/interface","/Users/smallville7123/StudioProjects/Graphical-Tool-Kit/app/src/main/cpp/MultiTouch/DiligentLog/Platforms/Basic/interface","/Users/smallville7123/StudioProjects/Graphical-Tool-Kit/app/src/main/cpp/MultiTouch/DiligentLog/Platforms/interface","/Users/smallville7123/StudioProjects/Graphical-Tool-Kit/app/src/main/cpp/DiligentEngine/DiligentCore/Graphics/GraphicsEngine/interface","/Users/smallville7123/StudioProjects/Graphical-Tool-Kit/app/src/main/cpp/DiligentEngine/DiligentCore/Graphics/GraphicsAccessories/interface","/Users/smallville7123/StudioProjects/Graphical-Tool-Kit/app/src/main/cpp/DiligentEngine/DiligentCore/Graphics/GraphicsTools/interface","$(inherited)");
				INSTALL_PATH = "";
				LIBRARY_STYLE = STATIC;
				OTHER_CPLUSPLUSFLAGS = "   -fPIC -fvisibility=hidden -fvisibility-inlines-hidden -Werror -Wall -Wextra -Wuninitialized -Wconditional-uninitialized -Wextra-tokens -Wpointer-arith -Wloop-analysis -Wunused -Wno-overloaded-virtual -Wno-incompatible-pointer-types-discards-qualifiers -Wno-unknown-pragmas -Wno-zero-as-null-pointer-constant -Wno-unused-parameter '-std=c++14' ";
				OTHER_LIBTOOLFLAGS = ("");
				OTHER_REZFLAGS = "";
				PRODUCT_NAME = "Diligent-Imgui";
				SECTORDER_FLAGS = "";
				SYMROOT = "/Users/smallville7123/StudioProjects/Graphical-Tool-Kit/MacOS/IMPORTED_CMAKE_PROJECTS/cpp/DiligentEngine/DiligentTools/Imgui";
				USE_HEADERMAP = NO;
				WARNING_CFLAGS = ("$(inherited)");
			};
			name = Debug;
		};
		F2C9AE1831C24A71B62C8A92 /* MinSizeRel */ = {
			isa = XCBuildConfiguration;
			buildSettings = {
				COMBINE_HIDPI_IMAGES = YES;
				GCC_GENERATE_DEBUGGING_SYMBOLS = YES;
				GCC_INLINES_ARE_PRIVATE_EXTERN = NO;
				GCC_OPTIMIZATION_LEVEL = 0;
				GCC_PREPROCESSOR_DEFINITIONS = ("'CMAKE_INTDIR=\"$(CONFIGURATION)$(EFFECTIVE_PLATFORM_NAME)\"'");
				GCC_SYMBOLS_PRIVATE_EXTERN = NO;
				INSTALL_PATH = "";
				OTHER_LDFLAGS = ("");
				OTHER_REZFLAGS = "";
				PRODUCT_NAME = ALL_BUILD;
				SECTORDER_FLAGS = "";
				SYMROOT = "/Users/smallville7123/StudioProjects/Graphical-Tool-Kit/MacOS/IMPORTED_CMAKE_PROJECTS/cpp/DiligentEngine/DiligentTools/Imgui";
				USE_HEADERMAP = NO;
				WARNING_CFLAGS = ("$(inherited)");
			};
			name = MinSizeRel;
		};
		F49FC1BCF65740649F8ADE21 /* MinSizeRel */ = {
			isa = XCBuildConfiguration;
			buildSettings = {
				ARCHS = "$(NATIVE_ARCH_ACTUAL)";
				MACOSX_DEPLOYMENT_TARGET = 10.15;
				ONLY_ACTIVE_ARCH = YES;
				SDKROOT = /Applications/Xcode.app/Contents/Developer/Platforms/MacOSX.platform/Developer/SDKs/MacOSX11.1.sdk;
				SYMROOT = "/Users/smallville7123/StudioProjects/Graphical-Tool-Kit/MacOS/IMPORTED_CMAKE_PROJECTS/cpp/DiligentEngine/DiligentTools/Imgui/build";
			};
			name = MinSizeRel;
		};
		FEEF7CFC355C4F94B5586664 /* MinSizeRel */ = {
			isa = XCBuildConfiguration;
			buildSettings = {
				COMBINE_HIDPI_IMAGES = YES;
				EXECUTABLE_PREFIX = lib;
				EXECUTABLE_SUFFIX = .a;
				GCC_GENERATE_DEBUGGING_SYMBOLS = NO;
				GCC_INLINES_ARE_PRIVATE_EXTERN = NO;
				GCC_OPTIMIZATION_LEVEL = s;
				GCC_PREPROCESSOR_DEFINITIONS = ("'CMAKE_INTDIR=\"$(CONFIGURATION)$(EFFECTIVE_PLATFORM_NAME)\"'",PLATFORM_MACOS,PLATFORM_APPLE,NDEBUG,"'__forceinline=inline'","'PLATFORM_MACOS=1'","'D3D11_SUPPORTED=0'","'D3D12_SUPPORTED=0'","'GL_SUPPORTED=1'","'GLES_SUPPORTED=0'","'VULKAN_SUPPORTED=0'","'METAL_SUPPORTED=0'");
				GCC_SYMBOLS_PRIVATE_EXTERN = NO;
				HEADER_SEARCH_PATHS = ("/Users/smallville7123/StudioProjects/Graphical-Tool-Kit/app/src/main/cpp/WINAPI_KERNEL","/Users/smallville7123/StudioProjects/Graphical-Tool-Kit/app/src/main/cpp/MultiTouch/DiligentLog/Primitives/interface","/Users/smallville7123/StudioProjects/Graphical-Tool-Kit/app/src/main/cpp/DiligentEngine/DiligentTools/Imgui/interface","/Users/smallville7123/StudioProjects/Graphical-Tool-Kit/app/src/main/cpp/DiligentEngine/DiligentTools/Imgui/../ThirdParty/imGuIZMO.quat","/Users/smallville7123/StudioProjects/Graphical-Tool-Kit/app/src/main/cpp/DiligentEngine/DiligentTools/Imgui/../ThirdParty/imgui","/Users/smallville7123/StudioProjects/Graphical-Tool-Kit/app/src/main/cpp/DiligentEngine/DiligentTools/Imgui/include","/Users/smallville7123/StudioProjects/Graphical-Tool-Kit/app/src/main/cpp/DiligentEngine/DiligentCore/Common/interface","/Users/smallville7123/StudioProjects/Graphical-Tool-Kit/app/src/main/cpp/MultiTouch/DiligentLog/Platforms/Apple/interface","/Users/smallville7123/StudioProjects/Graphical-Tool-Kit/app/src/main/cpp/MultiTouch/DiligentLog/Platforms/Basic/interface","/Users/smallville7123/StudioProjects/Graphical-Tool-Kit/app/src/main/cpp/MultiTouch/DiligentLog/Platforms/interface","/Users/smallville7123/StudioProjects/Graphical-Tool-Kit/app/src/main/cpp/DiligentEngine/DiligentCore/Graphics/GraphicsEngine/interface","/Users/smallville7123/StudioProjects/Graphical-Tool-Kit/app/src/main/cpp/DiligentEngine/DiligentCore/Graphics/GraphicsAccessories/interface","/Users/smallville7123/StudioProjects/Graphical-Tool-Kit/app/src/main/cpp/DiligentEngine/DiligentCore/Graphics/GraphicsTools/interface","$(inherited)");
				INSTALL_PATH = "";
				LIBRARY_STYLE = STATIC;
				OTHER_CPLUSPLUSFLAGS = "    -DNDEBUG -fPIC -fvisibility=hidden -fvisibility-inlines-hidden -Werror -Wall -Wextra -Wuninitialized -Wconditional-uninitialized -Wextra-tokens -Wpointer-arith -Wloop-analysis -Wunused -Wno-overloaded-virtual -Wno-incompatible-pointer-types-discards-qualifiers -Wno-unknown-pragmas -Wno-zero-as-null-pointer-constant -Wno-unused-parameter -Wno-unused-variable '-std=c++14' ";
				OTHER_LIBTOOLFLAGS = ("");
				OTHER_REZFLAGS = "";
				PRODUCT_NAME = "Diligent-Imgui";
				SECTORDER_FLAGS = "";
				SYMROOT = "/Users/smallville7123/StudioProjects/Graphical-Tool-Kit/MacOS/IMPORTED_CMAKE_PROJECTS/cpp/DiligentEngine/DiligentTools/Imgui";
				USE_HEADERMAP = NO;
				WARNING_CFLAGS = ("$(inherited)");
			};
			name = MinSizeRel;
		};
/* End XCBuildConfiguration section */

/* Begin XCConfigurationList section */
		0A1270A328054241906AE5F8 /* Build configuration list for PBXNativeTarget "Diligent-Imgui" */ = {
			isa = XCConfigurationList;
			buildConfigurations = (
				EA2100DAF23D4AD89A65FCCC /* Debug */,
				DB0944280FD64C888AEF9690 /* Release */,
				FEEF7CFC355C4F94B5586664 /* MinSizeRel */,
				4FBBD0B39BB54A56950C8183 /* RelWithDebInfo */,
			);
			defaultConfigurationIsVisible = 0;
			defaultConfigurationName = Debug;
		};
		351174344255474880B8F278 /* Build configuration list for PBXProject "Diligent-Imgui" */ = {
			isa = XCConfigurationList;
			buildConfigurations = (
				C7FA6765B52C454AA9A5C89E /* Debug */,
				9877714736B347ED8F4B9972 /* Release */,
				F49FC1BCF65740649F8ADE21 /* MinSizeRel */,
				647712C8A85048949719A234 /* RelWithDebInfo */,
			);
			defaultConfigurationIsVisible = 0;
			defaultConfigurationName = Debug;
		};
		53CF29553BC347C5A294FF9F /* Build configuration list for PBXAggregateTarget "ALL_BUILD" */ = {
			isa = XCConfigurationList;
			buildConfigurations = (
				0E089CB7BAF641A7B8AED265 /* Debug */,
				D62FFAE5CDEB4980B25E22FF /* Release */,
				F2C9AE1831C24A71B62C8A92 /* MinSizeRel */,
				AF0B33DBF1FA480B89EC2E35 /* RelWithDebInfo */,
			);
			defaultConfigurationIsVisible = 0;
			defaultConfigurationName = Debug;
		};
		6EB14EC7DD774107AC73DE8C /* Build configuration list for PBXAggregateTarget "install" */ = {
			isa = XCConfigurationList;
			buildConfigurations = (
				89F4CA7000774B5A8C96C9DE /* Debug */,
				32E1342E11E44542B7AE7B07 /* Release */,
				58642BCF36A44DF1ADD96F17 /* MinSizeRel */,
				AF30E11762F24C3A8939EF0E /* RelWithDebInfo */,
			);
			defaultConfigurationIsVisible = 0;
			defaultConfigurationName = Debug;
		};
		DA1968D519634E87AC9D1D20 /* Build configuration list for PBXAggregateTarget "ZERO_CHECK" */ = {
			isa = XCConfigurationList;
			buildConfigurations = (
				76E83EA9622C4702A9D1AF76 /* Debug */,
				CA4886670851406D9AFBCE91 /* Release */,
				32CB56BD785446699934FB17 /* MinSizeRel */,
				CBB2178C588F41988967F7C9 /* RelWithDebInfo */,
			);
			defaultConfigurationIsVisible = 0;
			defaultConfigurationName = Debug;
		};
/* End XCConfigurationList section */
	};
	rootObject = 4D90389C9470464D8CC4B820 /* Project object */;
}
