// !$*UTF8*$!
{
	archiveVersion = 1;
	classes = {
	};
	objectVersion = 46;
	objects = {

/* Begin PBXAggregateTarget section */
		0CC1E13E75164C739D2D0FB4 /* ZERO_CHECK */ = {
			isa = PBXAggregateTarget;
			buildConfigurationList = D615F9073EB94AB8BF7DBADC /* Build configuration list for PBXAggregateTarget "ZERO_CHECK" */;
			buildPhases = (
				A252E8CA20E6022CA27256BE /* Generate CMakeFiles/ZERO_CHECK */,
			);
			dependencies = (
			);
			name = ZERO_CHECK;
			productName = ZERO_CHECK;
		};
		2C2E6CC00BD94CA1835E62AD /* install */ = {
			isa = PBXAggregateTarget;
			buildConfigurationList = 6B3C0DDE0EE3496BB57D4A4D /* Build configuration list for PBXAggregateTarget "install" */;
			buildPhases = (
				93426DA6A4AC2C2AC9CE883C /* CMake PostBuild Rules */,
			);
			dependencies = (
				E162DF1041A9444885AB33D5 /* PBXTargetDependency */,
			);
			name = install;
			productName = install;
		};
		8E50B0849231401AACD5F522 /* ALL_BUILD */ = {
			isa = PBXAggregateTarget;
			buildConfigurationList = 06AA8D8CFD36459B8621D9BD /* Build configuration list for PBXAggregateTarget "ALL_BUILD" */;
			buildPhases = (
				E92DEC7FBA730732F99D2015 /* Generate CMakeFiles/ALL_BUILD */,
			);
			dependencies = (
				1606004760B8435284D73111 /* PBXTargetDependency */,
				D7C6367AA3AD4363B7F65FF1 /* PBXTargetDependency */,
			);
			name = ALL_BUILD;
			productName = ALL_BUILD;
		};
/* End PBXAggregateTarget section */

/* Begin PBXBuildFile section */
		0F0A7FF784884C9BA179BC4E /* /Users/smallville7123/StudioProjects/Graphical-Tool-Kit/app/src/main/cpp/DiligentEngine/DiligentCore/Primitives/src/DebugOutput.cpp */ = {isa = PBXBuildFile; fileRef = ED71651A94A44077801CB2F4 /* /Users/smallville7123/StudioProjects/Graphical-Tool-Kit/app/src/main/cpp/DiligentEngine/DiligentCore/Primitives/src/DebugOutput.cpp */; };
		11AE00D995394758AB819759 /* /Users/smallville7123/StudioProjects/Graphical-Tool-Kit/app/src/main/cpp/DiligentEngine/DiligentCore/Primitives/interface/FormatString.hpp */ = {isa = PBXBuildFile; fileRef = B7726151962A43B59C7CEC21 /* /Users/smallville7123/StudioProjects/Graphical-Tool-Kit/app/src/main/cpp/DiligentEngine/DiligentCore/Primitives/interface/FormatString.hpp */; };
		43146456C4A74DB28D99B6BB /* /Users/smallville7123/StudioProjects/Graphical-Tool-Kit/app/src/main/cpp/DiligentEngine/DiligentCore/Primitives/interface/UndefGlobalFuncHelperMacros.h */ = {isa = PBXBuildFile; fileRef = AAE52642EB504AC9BFEB90C5 /* /Users/smallville7123/StudioProjects/Graphical-Tool-Kit/app/src/main/cpp/DiligentEngine/DiligentCore/Primitives/interface/UndefGlobalFuncHelperMacros.h */; };
		43394518EF28477AAFE759C5 /* /Users/smallville7123/StudioProjects/Graphical-Tool-Kit/app/src/main/cpp/DiligentEngine/DiligentCore/Primitives/interface/BasicTypes.h */ = {isa = PBXBuildFile; fileRef = AE17BDAF9707457C80D5024C /* /Users/smallville7123/StudioProjects/Graphical-Tool-Kit/app/src/main/cpp/DiligentEngine/DiligentCore/Primitives/interface/BasicTypes.h */; };
		45D6824F154341BB95EA2DAE /* /Users/smallville7123/StudioProjects/Graphical-Tool-Kit/app/src/main/cpp/DiligentEngine/DiligentCore/Primitives/interface/ReferenceCounters.h */ = {isa = PBXBuildFile; fileRef = 3BBF3BC9B6CD43F58F2E0CDB /* /Users/smallville7123/StudioProjects/Graphical-Tool-Kit/app/src/main/cpp/DiligentEngine/DiligentCore/Primitives/interface/ReferenceCounters.h */; };
		63EADE8032A54362965965FA /* /Users/smallville7123/StudioProjects/Graphical-Tool-Kit/app/src/main/cpp/DiligentEngine/DiligentCore/Primitives/interface/Object.h */ = {isa = PBXBuildFile; fileRef = 435BD9FF503847088867C784 /* /Users/smallville7123/StudioProjects/Graphical-Tool-Kit/app/src/main/cpp/DiligentEngine/DiligentCore/Primitives/interface/Object.h */; };
		7B2F5928501B4CA1B7DDE754 /* /Users/smallville7123/StudioProjects/Graphical-Tool-Kit/app/src/main/cpp/DiligentEngine/DiligentCore/Primitives/interface/FileStream.h */ = {isa = PBXBuildFile; fileRef = 4A660923A892402CBC44D7E7 /* /Users/smallville7123/StudioProjects/Graphical-Tool-Kit/app/src/main/cpp/DiligentEngine/DiligentCore/Primitives/interface/FileStream.h */; };
		83DF2ED9860A429E86A9D74D /* /Users/smallville7123/StudioProjects/Graphical-Tool-Kit/app/src/main/cpp/DiligentEngine/DiligentCore/Primitives/interface/DefineInterfaceHelperMacros.h */ = {isa = PBXBuildFile; fileRef = D73D19808CAB4E72B46AA760 /* /Users/smallville7123/StudioProjects/Graphical-Tool-Kit/app/src/main/cpp/DiligentEngine/DiligentCore/Primitives/interface/DefineInterfaceHelperMacros.h */; };
		A9B4E20C2E71475D97B2DDFC /* /Users/smallville7123/StudioProjects/Graphical-Tool-Kit/app/src/main/cpp/DiligentEngine/DiligentCore/Primitives/interface/DataBlob.h */ = {isa = PBXBuildFile; fileRef = F3B39574FC4B434DBB068AF9 /* /Users/smallville7123/StudioProjects/Graphical-Tool-Kit/app/src/main/cpp/DiligentEngine/DiligentCore/Primitives/interface/DataBlob.h */; };
		BD4125E0211640A2B219021A /* /Users/smallville7123/StudioProjects/Graphical-Tool-Kit/app/src/main/cpp/DiligentEngine/DiligentCore/Primitives/interface/DebugOutput.h */ = {isa = PBXBuildFile; fileRef = E6F5C7B7DC3D43CBBA1494B9 /* /Users/smallville7123/StudioProjects/Graphical-Tool-Kit/app/src/main/cpp/DiligentEngine/DiligentCore/Primitives/interface/DebugOutput.h */; };
		BED025B48ED643AB8D2E5073 /* /Users/smallville7123/StudioProjects/Graphical-Tool-Kit/app/src/main/cpp/DiligentEngine/DiligentCore/Primitives/interface/UndefInterfaceHelperMacros.h */ = {isa = PBXBuildFile; fileRef = BE289158265947DF9087C403 /* /Users/smallville7123/StudioProjects/Graphical-Tool-Kit/app/src/main/cpp/DiligentEngine/DiligentCore/Primitives/interface/UndefInterfaceHelperMacros.h */; };
		CB57F98529C0443786EA4CD5 /* /Users/smallville7123/StudioProjects/Graphical-Tool-Kit/app/src/main/cpp/DiligentEngine/DiligentCore/Primitives/interface/CommonDefinitions.h */ = {isa = PBXBuildFile; fileRef = DF41D94E60FB49A185BFD459 /* /Users/smallville7123/StudioProjects/Graphical-Tool-Kit/app/src/main/cpp/DiligentEngine/DiligentCore/Primitives/interface/CommonDefinitions.h */; };
		D8E9A071BFAF4D6D95B42723 /* /Users/smallville7123/StudioProjects/Graphical-Tool-Kit/app/src/main/cpp/DiligentEngine/DiligentCore/Primitives/interface/Errors.hpp */ = {isa = PBXBuildFile; fileRef = A2682C5F6A074AE3B0EE8E72 /* /Users/smallville7123/StudioProjects/Graphical-Tool-Kit/app/src/main/cpp/DiligentEngine/DiligentCore/Primitives/interface/Errors.hpp */; };
		DA2B13F9EFFC491EBEFEEE04 /* /Users/smallville7123/StudioProjects/Graphical-Tool-Kit/app/src/main/cpp/DiligentEngine/DiligentCore/Primitives/interface/FlagEnum.h */ = {isa = PBXBuildFile; fileRef = 3DA0C6094C2A40E9B74D1C06 /* /Users/smallville7123/StudioProjects/Graphical-Tool-Kit/app/src/main/cpp/DiligentEngine/DiligentCore/Primitives/interface/FlagEnum.h */; };
		E2DB2FBC7B2C4123BDC36D6D /* /Users/smallville7123/StudioProjects/Graphical-Tool-Kit/app/src/main/cpp/DiligentEngine/DiligentCore/Primitives/interface/DefineGlobalFuncHelperMacros.h */ = {isa = PBXBuildFile; fileRef = A45E47C3B14F464387DFF9F5 /* /Users/smallville7123/StudioProjects/Graphical-Tool-Kit/app/src/main/cpp/DiligentEngine/DiligentCore/Primitives/interface/DefineGlobalFuncHelperMacros.h */; };
		ECE1CEEBE5D9488EA283FD54 /* /Users/smallville7123/StudioProjects/Graphical-Tool-Kit/app/src/main/cpp/DiligentEngine/DiligentCore/Primitives/src/test.cpp */ = {isa = PBXBuildFile; fileRef = 73FD969CEE4A46079F7F060C /* /Users/smallville7123/StudioProjects/Graphical-Tool-Kit/app/src/main/cpp/DiligentEngine/DiligentCore/Primitives/src/test.cpp */; };
		F3A4424E33D14901AA9D043A /* /Users/smallville7123/StudioProjects/Graphical-Tool-Kit/app/src/main/cpp/DiligentEngine/DiligentCore/Primitives/interface/InterfaceID.h */ = {isa = PBXBuildFile; fileRef = D89AB85DC2814B278C753AA9 /* /Users/smallville7123/StudioProjects/Graphical-Tool-Kit/app/src/main/cpp/DiligentEngine/DiligentCore/Primitives/interface/InterfaceID.h */; };
		F7052469AD4746A4AA0D0E66 /* /Users/smallville7123/StudioProjects/Graphical-Tool-Kit/app/src/main/cpp/DiligentEngine/DiligentCore/Primitives/interface/MemoryAllocator.h */ = {isa = PBXBuildFile; fileRef = 75821CE82EF9458999BC742F /* /Users/smallville7123/StudioProjects/Graphical-Tool-Kit/app/src/main/cpp/DiligentEngine/DiligentCore/Primitives/interface/MemoryAllocator.h */; };
		FF67839C3B25449DAE2B6B86 /* /Users/smallville7123/StudioProjects/Graphical-Tool-Kit/app/src/main/cpp/DiligentEngine/DiligentCore/Primitives/CMakeLists.txt */ = {isa = PBXBuildFile; fileRef = A4B3F5AB8BD34A3E80FAD396 /* /Users/smallville7123/StudioProjects/Graphical-Tool-Kit/app/src/main/cpp/DiligentEngine/DiligentCore/Primitives/CMakeLists.txt */; };
/* End PBXBuildFile section */

/* Begin PBXBuildStyle section */
		0549E0DFE5C44D12BAFC2BA1 /* MinSizeRel */ = {
			isa = PBXBuildStyle;
			buildSettings = {
				COPY_PHASE_STRIP = NO;
			};
			name = MinSizeRel;
		};
		72C78D8D1CAC46BAA0427737 /* Debug */ = {
			isa = PBXBuildStyle;
			buildSettings = {
				COPY_PHASE_STRIP = NO;
			};
			name = Debug;
		};
		BB70947653D4446E8F287965 /* RelWithDebInfo */ = {
			isa = PBXBuildStyle;
			buildSettings = {
				COPY_PHASE_STRIP = NO;
			};
			name = RelWithDebInfo;
		};
		DC3E689ED8A04F3EA84E86C5 /* Release */ = {
			isa = PBXBuildStyle;
			buildSettings = {
				COPY_PHASE_STRIP = NO;
			};
			name = Release;
		};
/* End PBXBuildStyle section */

/* Begin PBXContainerItemProxy section */
		1462F132D8574630BA8EC25E /* PBXContainerItemProxy */ = {
			isa = PBXContainerItemProxy;
			containerPortal = 1134C22D8D97450A915961D8 /* Project object */;
			proxyType = 1;
			remoteGlobalIDString = B89A120C8645400FB507D79F;
			remoteInfo = "Diligent-Primitives";
		};
		5B9005A1BE534C42B3162441 /* PBXContainerItemProxy */ = {
			isa = PBXContainerItemProxy;
			containerPortal = 1134C22D8D97450A915961D8 /* Project object */;
			proxyType = 1;
			remoteGlobalIDString = 8E50B0849231401AACD5F522;
			remoteInfo = ALL_BUILD;
		};
		5CAA22E0FE9E4737B02957A1 /* PBXContainerItemProxy */ = {
			isa = PBXContainerItemProxy;
			containerPortal = 1134C22D8D97450A915961D8 /* Project object */;
			proxyType = 1;
			remoteGlobalIDString = 0CC1E13E75164C739D2D0FB4;
			remoteInfo = ZERO_CHECK;
		};
		CA08033A664A4D779095D8B0 /* PBXContainerItemProxy */ = {
			isa = PBXContainerItemProxy;
			containerPortal = 1134C22D8D97450A915961D8 /* Project object */;
			proxyType = 1;
			remoteGlobalIDString = 0CC1E13E75164C739D2D0FB4;
			remoteInfo = ZERO_CHECK;
		};
/* End PBXContainerItemProxy section */

/* Begin PBXFileReference section */
		3BBF3BC9B6CD43F58F2E0CDB /* /Users/smallville7123/StudioProjects/Graphical-Tool-Kit/app/src/main/cpp/DiligentEngine/DiligentCore/Primitives/interface/ReferenceCounters.h */ = {isa = PBXFileReference; explicitFileType = sourcecode.c.h; fileEncoding = 4; name = ReferenceCounters.h; path = interface/ReferenceCounters.h; sourceTree = SOURCE_ROOT; };
		3DA0C6094C2A40E9B74D1C06 /* /Users/smallville7123/StudioProjects/Graphical-Tool-Kit/app/src/main/cpp/DiligentEngine/DiligentCore/Primitives/interface/FlagEnum.h */ = {isa = PBXFileReference; explicitFileType = sourcecode.c.h; fileEncoding = 4; name = FlagEnum.h; path = interface/FlagEnum.h; sourceTree = SOURCE_ROOT; };
		435BD9FF503847088867C784 /* /Users/smallville7123/StudioProjects/Graphical-Tool-Kit/app/src/main/cpp/DiligentEngine/DiligentCore/Primitives/interface/Object.h */ = {isa = PBXFileReference; explicitFileType = sourcecode.c.h; fileEncoding = 4; name = Object.h; path = interface/Object.h; sourceTree = SOURCE_ROOT; };
		4A660923A892402CBC44D7E7 /* /Users/smallville7123/StudioProjects/Graphical-Tool-Kit/app/src/main/cpp/DiligentEngine/DiligentCore/Primitives/interface/FileStream.h */ = {isa = PBXFileReference; explicitFileType = sourcecode.c.h; fileEncoding = 4; name = FileStream.h; path = interface/FileStream.h; sourceTree = SOURCE_ROOT; };
		73FD969CEE4A46079F7F060C /* /Users/smallville7123/StudioProjects/Graphical-Tool-Kit/app/src/main/cpp/DiligentEngine/DiligentCore/Primitives/src/test.cpp */ = {isa = PBXFileReference; explicitFileType = sourcecode.cpp.cpp; fileEncoding = 4; name = test.cpp; path = src/test.cpp; sourceTree = SOURCE_ROOT; };
		75821CE82EF9458999BC742F /* /Users/smallville7123/StudioProjects/Graphical-Tool-Kit/app/src/main/cpp/DiligentEngine/DiligentCore/Primitives/interface/MemoryAllocator.h */ = {isa = PBXFileReference; explicitFileType = sourcecode.c.h; fileEncoding = 4; name = MemoryAllocator.h; path = interface/MemoryAllocator.h; sourceTree = SOURCE_ROOT; };
		962F0A2D450346698EB674DF /* /Users/smallville7123/StudioProjects/Graphical-Tool-Kit/app/src/main/cpp/DiligentEngine/DiligentCore/Primitives/CMakeLists.txt */ = {isa = PBXFileReference; explicitFileType = sourcecode.text; fileEncoding = 4; name = CMakeLists.txt; path = CMakeLists.txt; sourceTree = SOURCE_ROOT; };
		A2682C5F6A074AE3B0EE8E72 /* /Users/smallville7123/StudioProjects/Graphical-Tool-Kit/app/src/main/cpp/DiligentEngine/DiligentCore/Primitives/interface/Errors.hpp */ = {isa = PBXFileReference; explicitFileType = sourcecode.cpp.h; fileEncoding = 4; name = Errors.hpp; path = interface/Errors.hpp; sourceTree = SOURCE_ROOT; };
		A45E47C3B14F464387DFF9F5 /* /Users/smallville7123/StudioProjects/Graphical-Tool-Kit/app/src/main/cpp/DiligentEngine/DiligentCore/Primitives/interface/DefineGlobalFuncHelperMacros.h */ = {isa = PBXFileReference; explicitFileType = sourcecode.c.h; fileEncoding = 4; name = DefineGlobalFuncHelperMacros.h; path = interface/DefineGlobalFuncHelperMacros.h; sourceTree = SOURCE_ROOT; };
		A4B3F5AB8BD34A3E80FAD396 /* /Users/smallville7123/StudioProjects/Graphical-Tool-Kit/app/src/main/cpp/DiligentEngine/DiligentCore/Primitives/CMakeLists.txt */ = {isa = PBXFileReference; explicitFileType = sourcecode.text; fileEncoding = 4; name = CMakeLists.txt; path = CMakeLists.txt; sourceTree = SOURCE_ROOT; };
		AAE52642EB504AC9BFEB90C5 /* /Users/smallville7123/StudioProjects/Graphical-Tool-Kit/app/src/main/cpp/DiligentEngine/DiligentCore/Primitives/interface/UndefGlobalFuncHelperMacros.h */ = {isa = PBXFileReference; explicitFileType = sourcecode.c.h; fileEncoding = 4; name = UndefGlobalFuncHelperMacros.h; path = interface/UndefGlobalFuncHelperMacros.h; sourceTree = SOURCE_ROOT; };
		AE17BDAF9707457C80D5024C /* /Users/smallville7123/StudioProjects/Graphical-Tool-Kit/app/src/main/cpp/DiligentEngine/DiligentCore/Primitives/interface/BasicTypes.h */ = {isa = PBXFileReference; explicitFileType = sourcecode.c.h; fileEncoding = 4; name = BasicTypes.h; path = interface/BasicTypes.h; sourceTree = SOURCE_ROOT; };
		B7726151962A43B59C7CEC21 /* /Users/smallville7123/StudioProjects/Graphical-Tool-Kit/app/src/main/cpp/DiligentEngine/DiligentCore/Primitives/interface/FormatString.hpp */ = {isa = PBXFileReference; explicitFileType = sourcecode.cpp.h; fileEncoding = 4; name = FormatString.hpp; path = interface/FormatString.hpp; sourceTree = SOURCE_ROOT; };
		BE289158265947DF9087C403 /* /Users/smallville7123/StudioProjects/Graphical-Tool-Kit/app/src/main/cpp/DiligentEngine/DiligentCore/Primitives/interface/UndefInterfaceHelperMacros.h */ = {isa = PBXFileReference; explicitFileType = sourcecode.c.h; fileEncoding = 4; name = UndefInterfaceHelperMacros.h; path = interface/UndefInterfaceHelperMacros.h; sourceTree = SOURCE_ROOT; };
		D0CEBB15D55C42E79FE44B1F /* Diligent-Primitives */ = {isa = PBXFileReference; explicitFileType = archive.ar; path = "libDiligent-Primitives.a"; sourceTree = BUILT_PRODUCTS_DIR; };
		D73D19808CAB4E72B46AA760 /* /Users/smallville7123/StudioProjects/Graphical-Tool-Kit/app/src/main/cpp/DiligentEngine/DiligentCore/Primitives/interface/DefineInterfaceHelperMacros.h */ = {isa = PBXFileReference; explicitFileType = sourcecode.c.h; fileEncoding = 4; name = DefineInterfaceHelperMacros.h; path = interface/DefineInterfaceHelperMacros.h; sourceTree = SOURCE_ROOT; };
		D89AB85DC2814B278C753AA9 /* /Users/smallville7123/StudioProjects/Graphical-Tool-Kit/app/src/main/cpp/DiligentEngine/DiligentCore/Primitives/interface/InterfaceID.h */ = {isa = PBXFileReference; explicitFileType = sourcecode.c.h; fileEncoding = 4; name = InterfaceID.h; path = interface/InterfaceID.h; sourceTree = SOURCE_ROOT; };
		DF41D94E60FB49A185BFD459 /* /Users/smallville7123/StudioProjects/Graphical-Tool-Kit/app/src/main/cpp/DiligentEngine/DiligentCore/Primitives/interface/CommonDefinitions.h */ = {isa = PBXFileReference; explicitFileType = sourcecode.c.h; fileEncoding = 4; name = CommonDefinitions.h; path = interface/CommonDefinitions.h; sourceTree = SOURCE_ROOT; };
		E6F5C7B7DC3D43CBBA1494B9 /* /Users/smallville7123/StudioProjects/Graphical-Tool-Kit/app/src/main/cpp/DiligentEngine/DiligentCore/Primitives/interface/DebugOutput.h */ = {isa = PBXFileReference; explicitFileType = sourcecode.c.h; fileEncoding = 4; name = DebugOutput.h; path = interface/DebugOutput.h; sourceTree = SOURCE_ROOT; };
		ED71651A94A44077801CB2F4 /* /Users/smallville7123/StudioProjects/Graphical-Tool-Kit/app/src/main/cpp/DiligentEngine/DiligentCore/Primitives/src/DebugOutput.cpp */ = {isa = PBXFileReference; explicitFileType = sourcecode.cpp.cpp; fileEncoding = 4; name = DebugOutput.cpp; path = src/DebugOutput.cpp; sourceTree = SOURCE_ROOT; };
		F3B39574FC4B434DBB068AF9 /* /Users/smallville7123/StudioProjects/Graphical-Tool-Kit/app/src/main/cpp/DiligentEngine/DiligentCore/Primitives/interface/DataBlob.h */ = {isa = PBXFileReference; explicitFileType = sourcecode.c.h; fileEncoding = 4; name = DataBlob.h; path = interface/DataBlob.h; sourceTree = SOURCE_ROOT; };
/* End PBXFileReference section */

/* Begin PBXFrameworksBuildPhase section */
		6684EC8A8FBC473FBCA02EBF /* Frameworks */ = {
			isa = PBXFrameworksBuildPhase;
			buildActionMask = 2147483647;
			files = (
			);
			runOnlyForDeploymentPostprocessing = 0;
		};
/* End PBXFrameworksBuildPhase section */

/* Begin PBXGroup section */
		12330123B0F24AF1A49165C4 = {
			isa = PBXGroup;
			children = (
				9DCEF396843A40388E4966DE /* DiligentCore */,
				B17E5062E50B40E6A1B032A4 /* ALL_BUILD */,
				FA30404BB0DC48D199B27203 /* Products */,
				54D5081CCF954E688976BE3A /* Frameworks */,
			);
			sourceTree = "<group>";
		};
		13969F2F714E4246B2C02917 /* interface */ = {
			isa = PBXGroup;
			children = (
				AE17BDAF9707457C80D5024C /* /Users/smallville7123/StudioProjects/Graphical-Tool-Kit/app/src/main/cpp/DiligentEngine/DiligentCore/Primitives/interface/BasicTypes.h */,
				DF41D94E60FB49A185BFD459 /* /Users/smallville7123/StudioProjects/Graphical-Tool-Kit/app/src/main/cpp/DiligentEngine/DiligentCore/Primitives/interface/CommonDefinitions.h */,
				F3B39574FC4B434DBB068AF9 /* /Users/smallville7123/StudioProjects/Graphical-Tool-Kit/app/src/main/cpp/DiligentEngine/DiligentCore/Primitives/interface/DataBlob.h */,
				E6F5C7B7DC3D43CBBA1494B9 /* /Users/smallville7123/StudioProjects/Graphical-Tool-Kit/app/src/main/cpp/DiligentEngine/DiligentCore/Primitives/interface/DebugOutput.h */,
				A45E47C3B14F464387DFF9F5 /* /Users/smallville7123/StudioProjects/Graphical-Tool-Kit/app/src/main/cpp/DiligentEngine/DiligentCore/Primitives/interface/DefineGlobalFuncHelperMacros.h */,
				D73D19808CAB4E72B46AA760 /* /Users/smallville7123/StudioProjects/Graphical-Tool-Kit/app/src/main/cpp/DiligentEngine/DiligentCore/Primitives/interface/DefineInterfaceHelperMacros.h */,
				A2682C5F6A074AE3B0EE8E72 /* /Users/smallville7123/StudioProjects/Graphical-Tool-Kit/app/src/main/cpp/DiligentEngine/DiligentCore/Primitives/interface/Errors.hpp */,
				4A660923A892402CBC44D7E7 /* /Users/smallville7123/StudioProjects/Graphical-Tool-Kit/app/src/main/cpp/DiligentEngine/DiligentCore/Primitives/interface/FileStream.h */,
				3DA0C6094C2A40E9B74D1C06 /* /Users/smallville7123/StudioProjects/Graphical-Tool-Kit/app/src/main/cpp/DiligentEngine/DiligentCore/Primitives/interface/FlagEnum.h */,
				B7726151962A43B59C7CEC21 /* /Users/smallville7123/StudioProjects/Graphical-Tool-Kit/app/src/main/cpp/DiligentEngine/DiligentCore/Primitives/interface/FormatString.hpp */,
				D89AB85DC2814B278C753AA9 /* /Users/smallville7123/StudioProjects/Graphical-Tool-Kit/app/src/main/cpp/DiligentEngine/DiligentCore/Primitives/interface/InterfaceID.h */,
				75821CE82EF9458999BC742F /* /Users/smallville7123/StudioProjects/Graphical-Tool-Kit/app/src/main/cpp/DiligentEngine/DiligentCore/Primitives/interface/MemoryAllocator.h */,
				435BD9FF503847088867C784 /* /Users/smallville7123/StudioProjects/Graphical-Tool-Kit/app/src/main/cpp/DiligentEngine/DiligentCore/Primitives/interface/Object.h */,
				3BBF3BC9B6CD43F58F2E0CDB /* /Users/smallville7123/StudioProjects/Graphical-Tool-Kit/app/src/main/cpp/DiligentEngine/DiligentCore/Primitives/interface/ReferenceCounters.h */,
				AAE52642EB504AC9BFEB90C5 /* /Users/smallville7123/StudioProjects/Graphical-Tool-Kit/app/src/main/cpp/DiligentEngine/DiligentCore/Primitives/interface/UndefGlobalFuncHelperMacros.h */,
				BE289158265947DF9087C403 /* /Users/smallville7123/StudioProjects/Graphical-Tool-Kit/app/src/main/cpp/DiligentEngine/DiligentCore/Primitives/interface/UndefInterfaceHelperMacros.h */,
			);
			name = interface;
			sourceTree = "<group>";
		};
		4B62734E2F754541921E9AFE /* Diligent-Primitives */ = {
			isa = PBXGroup;
			children = (
				13969F2F714E4246B2C02917 /* interface */,
				CC828252185240E89ED942C6 /* src */,
				A4B3F5AB8BD34A3E80FAD396 /* /Users/smallville7123/StudioProjects/Graphical-Tool-Kit/app/src/main/cpp/DiligentEngine/DiligentCore/Primitives/CMakeLists.txt */,
			);
			name = "Diligent-Primitives";
			sourceTree = "<group>";
		};
		54D5081CCF954E688976BE3A /* Frameworks */ = {
			isa = PBXGroup;
			children = (
			);
			name = Frameworks;
			sourceTree = "<group>";
		};
		8DFC95AA4E6F40979153A259 /* CMake Rules */ = {
			isa = PBXGroup;
			children = (
			);
			name = "CMake Rules";
			sourceTree = "<group>";
		};
		9DCEF396843A40388E4966DE /* DiligentCore */ = {
			isa = PBXGroup;
			children = (
				4B62734E2F754541921E9AFE /* Diligent-Primitives */,
			);
			name = DiligentCore;
			sourceTree = "<group>";
		};
		B17E5062E50B40E6A1B032A4 /* ALL_BUILD */ = {
			isa = PBXGroup;
			children = (
				8DFC95AA4E6F40979153A259 /* CMake Rules */,
				962F0A2D450346698EB674DF /* /Users/smallville7123/StudioProjects/Graphical-Tool-Kit/app/src/main/cpp/DiligentEngine/DiligentCore/Primitives/CMakeLists.txt */,
			);
			name = ALL_BUILD;
			sourceTree = "<group>";
		};
		CC828252185240E89ED942C6 /* src */ = {
			isa = PBXGroup;
			children = (
				ED71651A94A44077801CB2F4 /* /Users/smallville7123/StudioProjects/Graphical-Tool-Kit/app/src/main/cpp/DiligentEngine/DiligentCore/Primitives/src/DebugOutput.cpp */,
				73FD969CEE4A46079F7F060C /* /Users/smallville7123/StudioProjects/Graphical-Tool-Kit/app/src/main/cpp/DiligentEngine/DiligentCore/Primitives/src/test.cpp */,
			);
			name = src;
			sourceTree = "<group>";
		};
		FA30404BB0DC48D199B27203 /* Products */ = {
			isa = PBXGroup;
			children = (
				D0CEBB15D55C42E79FE44B1F /* Diligent-Primitives */,
			);
			name = Products;
			sourceTree = "<group>";
		};
/* End PBXGroup section */

/* Begin PBXNativeTarget section */
		B89A120C8645400FB507D79F /* Diligent-Primitives */ = {
			isa = PBXNativeTarget;
			buildConfigurationList = 92A838138BF344BA8450F816 /* Build configuration list for PBXNativeTarget "Diligent-Primitives" */;
			buildPhases = (
				040F33AF90F24A7EA796AE97 /* Sources */,
				6684EC8A8FBC473FBCA02EBF /* Frameworks */,
			);
			buildRules = (
			);
			dependencies = (
				FC6BEA891FBF49718684AD0B /* PBXTargetDependency */,
			);
			name = "Diligent-Primitives";
			productName = "Diligent-Primitives";
			productReference = D0CEBB15D55C42E79FE44B1F /* Diligent-Primitives */;
			productType = "com.apple.product-type.library.static";
		};
/* End PBXNativeTarget section */

/* Begin PBXProject section */
		1134C22D8D97450A915961D8 /* Project object */ = {
			isa = PBXProject;
			attributes = {
				BuildIndependentTargetsInParallel = YES;
				LastUpgradeCheck = 1240;
			};
			buildConfigurationList = 5AE718F70F3D4E3499D6179D /* Build configuration list for PBXProject "Diligent-Primitives" */;
			buildSettings = {
			};
			buildStyles = (
				72C78D8D1CAC46BAA0427737 /* Debug */,
				DC3E689ED8A04F3EA84E86C5 /* Release */,
				0549E0DFE5C44D12BAFC2BA1 /* MinSizeRel */,
				BB70947653D4446E8F287965 /* RelWithDebInfo */,
			);
			compatibilityVersion = "Xcode 3.2";
			hasScannedForEncodings = 0;
			mainGroup = 12330123B0F24AF1A49165C4;
			projectDirPath = "/Users/smallville7123/StudioProjects/Graphical-Tool-Kit/app/src/main/cpp/DiligentEngine/DiligentCore/Primitives";
			projectRoot = "";
			targets = (
				8E50B0849231401AACD5F522 /* ALL_BUILD */,
				B89A120C8645400FB507D79F /* Diligent-Primitives */,
				0CC1E13E75164C739D2D0FB4 /* ZERO_CHECK */,
				2C2E6CC00BD94CA1835E62AD /* install */,
			);
		};
/* End PBXProject section */

/* Begin PBXShellScriptBuildPhase section */
		3C0110FC8322DE7E50886E21 = {
			isa = PBXShellScriptBuildPhase;
			buildActionMask = 2147483647;
			files = (
			);
			inputPaths = (
			);
			outputPaths = (
			);
			runOnlyForDeploymentPostprocessing = 0;
			shellPath = /bin/sh;
			shellScript = "# shell script goes here
exit 0";
			showEnvVarsInLog = 0;
		};
		87AF4882E018677E2624B544 = {
			isa = PBXShellScriptBuildPhase;
			buildActionMask = 2147483647;
			files = (
			);
			inputPaths = (
			);
			outputPaths = (
			);
			runOnlyForDeploymentPostprocessing = 0;
			shellPath = /bin/sh;
			shellScript = "# shell script goes here
exit 0";
			showEnvVarsInLog = 0;
		};
		93426DA6A4AC2C2AC9CE883C /* CMake PostBuild Rules */ = {
			isa = PBXShellScriptBuildPhase;
			alwaysOutOfDate = 1;
			buildActionMask = 2147483647;
			files = (
			);
			name = "CMake PostBuild Rules";
			outputPaths = (
			);
			runOnlyForDeploymentPostprocessing = 0;
			shellPath = /bin/sh;
			shellScript = "set -e
if test \"$CONFIGURATION\" = \"Debug\"; then :
  cd /Users/smallville7123/StudioProjects/Graphical-Tool-Kit/MacOS/IMPORTED_CMAKE_PROJECTS/cpp/DiligentEngine/DiligentCore/Primitives
  /usr/local/Cellar/cmake/3.20.5/bin/cmake -DBUILD_TYPE=$CONFIGURATION$EFFECTIVE_PLATFORM_NAME -P cmake_install.cmake
fi
if test \"$CONFIGURATION\" = \"Release\"; then :
  cd /Users/smallville7123/StudioProjects/Graphical-Tool-Kit/MacOS/IMPORTED_CMAKE_PROJECTS/cpp/DiligentEngine/DiligentCore/Primitives
  /usr/local/Cellar/cmake/3.20.5/bin/cmake -DBUILD_TYPE=$CONFIGURATION$EFFECTIVE_PLATFORM_NAME -P cmake_install.cmake
fi
if test \"$CONFIGURATION\" = \"MinSizeRel\"; then :
  cd /Users/smallville7123/StudioProjects/Graphical-Tool-Kit/MacOS/IMPORTED_CMAKE_PROJECTS/cpp/DiligentEngine/DiligentCore/Primitives
  /usr/local/Cellar/cmake/3.20.5/bin/cmake -DBUILD_TYPE=$CONFIGURATION$EFFECTIVE_PLATFORM_NAME -P cmake_install.cmake
fi
if test \"$CONFIGURATION\" = \"RelWithDebInfo\"; then :
  cd /Users/smallville7123/StudioProjects/Graphical-Tool-Kit/MacOS/IMPORTED_CMAKE_PROJECTS/cpp/DiligentEngine/DiligentCore/Primitives
  /usr/local/Cellar/cmake/3.20.5/bin/cmake -DBUILD_TYPE=$CONFIGURATION$EFFECTIVE_PLATFORM_NAME -P cmake_install.cmake
fi
";
			showEnvVarsInLog = 0;
		};
		9B50530E35CC49C82C2FACCF = {
			isa = PBXShellScriptBuildPhase;
			buildActionMask = 2147483647;
			files = (
			);
			inputPaths = (
			);
			outputPaths = (
			);
			runOnlyForDeploymentPostprocessing = 0;
			shellPath = /bin/sh;
			shellScript = "# shell script goes here
exit 0";
			showEnvVarsInLog = 0;
		};
		A252E8CA20E6022CA27256BE /* Generate CMakeFiles/ZERO_CHECK */ = {
			isa = PBXShellScriptBuildPhase;
			alwaysOutOfDate = 1;
			buildActionMask = 2147483647;
			files = (
			);
			inputPaths = (
			);
			name = "Generate CMakeFiles/ZERO_CHECK";
			outputPaths = (
"/Users/smallville7123/StudioProjects/Graphical-Tool-Kit/MacOS/IMPORTED_CMAKE_PROJECTS/cpp/DiligentEngine/DiligentCore/Primitives/CMakeFiles/ZERO_CHECK"			);
			runOnlyForDeploymentPostprocessing = 0;
			shellPath = /bin/sh;
			shellScript = "set -e
if test \"$CONFIGURATION\" = \"Debug\"; then :
  cd /Users/smallville7123/StudioProjects/Graphical-Tool-Kit/MacOS/IMPORTED_CMAKE_PROJECTS/cpp/DiligentEngine/DiligentCore/Primitives
  make -f /Users/smallville7123/StudioProjects/Graphical-Tool-Kit/MacOS/IMPORTED_CMAKE_PROJECTS/cpp/DiligentEngine/DiligentCore/Primitives/CMakeScripts/ReRunCMake.make
fi
if test \"$CONFIGURATION\" = \"Release\"; then :
  cd /Users/smallville7123/StudioProjects/Graphical-Tool-Kit/MacOS/IMPORTED_CMAKE_PROJECTS/cpp/DiligentEngine/DiligentCore/Primitives
  make -f /Users/smallville7123/StudioProjects/Graphical-Tool-Kit/MacOS/IMPORTED_CMAKE_PROJECTS/cpp/DiligentEngine/DiligentCore/Primitives/CMakeScripts/ReRunCMake.make
fi
if test \"$CONFIGURATION\" = \"MinSizeRel\"; then :
  cd /Users/smallville7123/StudioProjects/Graphical-Tool-Kit/MacOS/IMPORTED_CMAKE_PROJECTS/cpp/DiligentEngine/DiligentCore/Primitives
  make -f /Users/smallville7123/StudioProjects/Graphical-Tool-Kit/MacOS/IMPORTED_CMAKE_PROJECTS/cpp/DiligentEngine/DiligentCore/Primitives/CMakeScripts/ReRunCMake.make
fi
if test \"$CONFIGURATION\" = \"RelWithDebInfo\"; then :
  cd /Users/smallville7123/StudioProjects/Graphical-Tool-Kit/MacOS/IMPORTED_CMAKE_PROJECTS/cpp/DiligentEngine/DiligentCore/Primitives
  make -f /Users/smallville7123/StudioProjects/Graphical-Tool-Kit/MacOS/IMPORTED_CMAKE_PROJECTS/cpp/DiligentEngine/DiligentCore/Primitives/CMakeScripts/ReRunCMake.make
fi
";
			showEnvVarsInLog = 0;
		};
		E92DEC7FBA730732F99D2015 /* Generate CMakeFiles/ALL_BUILD */ = {
			isa = PBXShellScriptBuildPhase;
			alwaysOutOfDate = 1;
			buildActionMask = 2147483647;
			files = (
			);
			inputPaths = (
			);
			name = "Generate CMakeFiles/ALL_BUILD";
			outputPaths = (
"/Users/smallville7123/StudioProjects/Graphical-Tool-Kit/MacOS/IMPORTED_CMAKE_PROJECTS/cpp/DiligentEngine/DiligentCore/Primitives/CMakeFiles/ALL_BUILD"			);
			runOnlyForDeploymentPostprocessing = 0;
			shellPath = /bin/sh;
			shellScript = "set -e
if test \"$CONFIGURATION\" = \"Debug\"; then :
  cd /Users/smallville7123/StudioProjects/Graphical-Tool-Kit/MacOS/IMPORTED_CMAKE_PROJECTS/cpp/DiligentEngine/DiligentCore/Primitives
  echo Build\\ all\\ projects
fi
if test \"$CONFIGURATION\" = \"Release\"; then :
  cd /Users/smallville7123/StudioProjects/Graphical-Tool-Kit/MacOS/IMPORTED_CMAKE_PROJECTS/cpp/DiligentEngine/DiligentCore/Primitives
  echo Build\\ all\\ projects
fi
if test \"$CONFIGURATION\" = \"MinSizeRel\"; then :
  cd /Users/smallville7123/StudioProjects/Graphical-Tool-Kit/MacOS/IMPORTED_CMAKE_PROJECTS/cpp/DiligentEngine/DiligentCore/Primitives
  echo Build\\ all\\ projects
fi
if test \"$CONFIGURATION\" = \"RelWithDebInfo\"; then :
  cd /Users/smallville7123/StudioProjects/Graphical-Tool-Kit/MacOS/IMPORTED_CMAKE_PROJECTS/cpp/DiligentEngine/DiligentCore/Primitives
  echo Build\\ all\\ projects
fi
";
			showEnvVarsInLog = 0;
		};
/* End PBXShellScriptBuildPhase section */

/* Begin PBXSourcesBuildPhase section */
		040F33AF90F24A7EA796AE97 /* Sources */ = {
			isa = PBXSourcesBuildPhase;
			buildActionMask = 2147483647;
			files = (
				0F0A7FF784884C9BA179BC4E /* /Users/smallville7123/StudioProjects/Graphical-Tool-Kit/app/src/main/cpp/DiligentEngine/DiligentCore/Primitives/src/DebugOutput.cpp */,
				ECE1CEEBE5D9488EA283FD54 /* /Users/smallville7123/StudioProjects/Graphical-Tool-Kit/app/src/main/cpp/DiligentEngine/DiligentCore/Primitives/src/test.cpp */,
			);
			runOnlyForDeploymentPostprocessing = 0;
		};
/* End PBXSourcesBuildPhase section */

/* Begin PBXTargetDependency section */
		1606004760B8435284D73111 /* PBXTargetDependency */ = {
			isa = PBXTargetDependency;
			target = B89A120C8645400FB507D79F /* Diligent-Primitives */;
			targetProxy = 1462F132D8574630BA8EC25E /* PBXContainerItemProxy */;
		};
		D7C6367AA3AD4363B7F65FF1 /* PBXTargetDependency */ = {
			isa = PBXTargetDependency;
			target = 0CC1E13E75164C739D2D0FB4 /* ZERO_CHECK */;
			targetProxy = CA08033A664A4D779095D8B0 /* PBXContainerItemProxy */;
		};
		E162DF1041A9444885AB33D5 /* PBXTargetDependency */ = {
			isa = PBXTargetDependency;
			target = 8E50B0849231401AACD5F522 /* ALL_BUILD */;
			targetProxy = 5B9005A1BE534C42B3162441 /* PBXContainerItemProxy */;
		};
		FC6BEA891FBF49718684AD0B /* PBXTargetDependency */ = {
			isa = PBXTargetDependency;
			target = 0CC1E13E75164C739D2D0FB4 /* ZERO_CHECK */;
			targetProxy = 5CAA22E0FE9E4737B02957A1 /* PBXContainerItemProxy */;
		};
/* End PBXTargetDependency section */

/* Begin XCBuildConfiguration section */
		0616077BA3B84BDC8D9F53DE /* MinSizeRel */ = {
			isa = XCBuildConfiguration;
			buildSettings = {
				ARCHS = "$(NATIVE_ARCH_ACTUAL)";
				MACOSX_DEPLOYMENT_TARGET = 10.15;
				ONLY_ACTIVE_ARCH = YES;
				SDKROOT = /Applications/Xcode.app/Contents/Developer/Platforms/MacOSX.platform/Developer/SDKs/MacOSX11.1.sdk;
				SYMROOT = "/Users/smallville7123/StudioProjects/Graphical-Tool-Kit/MacOS/IMPORTED_CMAKE_PROJECTS/cpp/DiligentEngine/DiligentCore/Primitives/build";
			};
			name = MinSizeRel;
		};
		1145D16BF9D04ED6960FCBF3 /* Release */ = {
			isa = XCBuildConfiguration;
			buildSettings = {
				ARCHS = "$(NATIVE_ARCH_ACTUAL)";
				MACOSX_DEPLOYMENT_TARGET = 10.15;
				ONLY_ACTIVE_ARCH = YES;
				SDKROOT = /Applications/Xcode.app/Contents/Developer/Platforms/MacOSX.platform/Developer/SDKs/MacOSX11.1.sdk;
				SYMROOT = "/Users/smallville7123/StudioProjects/Graphical-Tool-Kit/MacOS/IMPORTED_CMAKE_PROJECTS/cpp/DiligentEngine/DiligentCore/Primitives/build";
			};
			name = Release;
		};
		1DD9A9FD075143CC807F98CE /* MinSizeRel */ = {
			isa = XCBuildConfiguration;
			buildSettings = {
				COMBINE_HIDPI_IMAGES = YES;
				GCC_GENERATE_DEBUGGING_SYMBOLS = YES;
				GCC_INLINES_ARE_PRIVATE_EXTERN = NO;
				GCC_OPTIMIZATION_LEVEL = 0;
				GCC_PREPROCESSOR_DEFINITIONS = ("'CMAKE_INTDIR=\"$(CONFIGURATION)$(EFFECTIVE_PLATFORM_NAME)\"'");
				GCC_SYMBOLS_PRIVATE_EXTERN = NO;
				INSTALL_PATH = "";
				OTHER_LDFLAGS = ("");
				OTHER_REZFLAGS = "";
				PRODUCT_NAME = install;
				SECTORDER_FLAGS = "";
				SYMROOT = "/Users/smallville7123/StudioProjects/Graphical-Tool-Kit/MacOS/IMPORTED_CMAKE_PROJECTS/cpp/DiligentEngine/DiligentCore/Primitives";
				USE_HEADERMAP = NO;
				WARNING_CFLAGS = ("$(inherited)");
			};
			name = MinSizeRel;
		};
		24E9652722EA479D9872D55A /* RelWithDebInfo */ = {
			isa = XCBuildConfiguration;
			buildSettings = {
				COMBINE_HIDPI_IMAGES = YES;
				GCC_GENERATE_DEBUGGING_SYMBOLS = YES;
				GCC_INLINES_ARE_PRIVATE_EXTERN = NO;
				GCC_OPTIMIZATION_LEVEL = 0;
				GCC_PREPROCESSOR_DEFINITIONS = ("'CMAKE_INTDIR=\"$(CONFIGURATION)$(EFFECTIVE_PLATFORM_NAME)\"'");
				GCC_SYMBOLS_PRIVATE_EXTERN = NO;
				INSTALL_PATH = "";
				OTHER_LDFLAGS = ("");
				OTHER_REZFLAGS = "";
				PRODUCT_NAME = install;
				SECTORDER_FLAGS = "";
				SYMROOT = "/Users/smallville7123/StudioProjects/Graphical-Tool-Kit/MacOS/IMPORTED_CMAKE_PROJECTS/cpp/DiligentEngine/DiligentCore/Primitives";
				USE_HEADERMAP = NO;
				WARNING_CFLAGS = ("$(inherited)");
			};
			name = RelWithDebInfo;
		};
		269E58639E834DC8880A1527 /* Debug */ = {
			isa = XCBuildConfiguration;
			buildSettings = {
				ARCHS = "$(NATIVE_ARCH_ACTUAL)";
				MACOSX_DEPLOYMENT_TARGET = 10.15;
				ONLY_ACTIVE_ARCH = YES;
				SDKROOT = /Applications/Xcode.app/Contents/Developer/Platforms/MacOSX.platform/Developer/SDKs/MacOSX11.1.sdk;
				SYMROOT = "/Users/smallville7123/StudioProjects/Graphical-Tool-Kit/MacOS/IMPORTED_CMAKE_PROJECTS/cpp/DiligentEngine/DiligentCore/Primitives/build";
			};
			name = Debug;
		};
		2B20C11E237C464482707619 /* RelWithDebInfo */ = {
			isa = XCBuildConfiguration;
			buildSettings = {
				COMBINE_HIDPI_IMAGES = YES;
				EXECUTABLE_PREFIX = lib;
				EXECUTABLE_SUFFIX = .a;
				GCC_GENERATE_DEBUGGING_SYMBOLS = YES;
				GCC_INLINES_ARE_PRIVATE_EXTERN = NO;
				GCC_OPTIMIZATION_LEVEL = 2;
				GCC_PREPROCESSOR_DEFINITIONS = ("'CMAKE_INTDIR=\"$(CONFIGURATION)$(EFFECTIVE_PLATFORM_NAME)\"'",PLATFORM_MACOS,NDEBUG,"'__forceinline=inline'","'PLATFORM_MACOS=1'","'D3D11_SUPPORTED=0'","'D3D12_SUPPORTED=0'","'GL_SUPPORTED=1'","'GLES_SUPPORTED=0'","'VULKAN_SUPPORTED=0'","'METAL_SUPPORTED=0'");
				GCC_SYMBOLS_PRIVATE_EXTERN = NO;
				HEADER_SEARCH_PATHS = ("/Users/smallville7123/StudioProjects/Graphical-Tool-Kit/app/src/main/cpp/DiligentEngine","/Users/smallville7123/StudioProjects/Graphical-Tool-Kit/app/src/main/cpp/DiligentEngine/DiligentCore/Primitives/interface","/Users/smallville7123/StudioProjects/Graphical-Tool-Kit/app/src/main/cpp/WINAPI_KERNEL","$(inherited)");
				INSTALL_PATH = "";
				LIBRARY_STYLE = STATIC;
				OTHER_CPLUSPLUSFLAGS = "       -DNDEBUG -fPIC -fvisibility=hidden -fvisibility-inlines-hidden -Werror -Wall -Wextra -Wuninitialized -Wconditional-uninitialized -Wextra-tokens -Wpointer-arith -Wloop-analysis -Wunused -Wno-overloaded-virtual -Wno-incompatible-pointer-types-discards-qualifiers -Wno-unknown-pragmas -Wno-zero-as-null-pointer-constant -Wno-unused-parameter -Wno-unused-variable '-std=c++14' ";
				OTHER_LIBTOOLFLAGS = ("");
				OTHER_REZFLAGS = "";
				PRODUCT_NAME = "Diligent-Primitives";
				SECTORDER_FLAGS = "";
				SYMROOT = "/Users/smallville7123/StudioProjects/Graphical-Tool-Kit/MacOS/IMPORTED_CMAKE_PROJECTS/cpp/DiligentEngine/DiligentCore/Primitives";
				USE_HEADERMAP = NO;
				WARNING_CFLAGS = ("$(inherited)");
			};
			name = RelWithDebInfo;
		};
		31ECE89E12DD49E9959DF8F0 /* Release */ = {
			isa = XCBuildConfiguration;
			buildSettings = {
				COMBINE_HIDPI_IMAGES = YES;
				EXECUTABLE_PREFIX = lib;
				EXECUTABLE_SUFFIX = .a;
				GCC_GENERATE_DEBUGGING_SYMBOLS = NO;
				GCC_INLINES_ARE_PRIVATE_EXTERN = NO;
				GCC_OPTIMIZATION_LEVEL = 3;
				GCC_PREPROCESSOR_DEFINITIONS = ("'CMAKE_INTDIR=\"$(CONFIGURATION)$(EFFECTIVE_PLATFORM_NAME)\"'",PLATFORM_MACOS,NDEBUG,"'__forceinline=inline'","'PLATFORM_MACOS=1'","'D3D11_SUPPORTED=0'","'D3D12_SUPPORTED=0'","'GL_SUPPORTED=1'","'GLES_SUPPORTED=0'","'VULKAN_SUPPORTED=0'","'METAL_SUPPORTED=0'");
				GCC_SYMBOLS_PRIVATE_EXTERN = NO;
				HEADER_SEARCH_PATHS = ("/Users/smallville7123/StudioProjects/Graphical-Tool-Kit/app/src/main/cpp/DiligentEngine","/Users/smallville7123/StudioProjects/Graphical-Tool-Kit/app/src/main/cpp/DiligentEngine/DiligentCore/Primitives/interface","/Users/smallville7123/StudioProjects/Graphical-Tool-Kit/app/src/main/cpp/WINAPI_KERNEL","$(inherited)");
				INSTALL_PATH = "";
				LIBRARY_STYLE = STATIC;
				OTHER_CPLUSPLUSFLAGS = "    -DNDEBUG -fPIC -fvisibility=hidden -fvisibility-inlines-hidden -Werror -Wall -Wextra -Wuninitialized -Wconditional-uninitialized -Wextra-tokens -Wpointer-arith -Wloop-analysis -Wunused -Wno-overloaded-virtual -Wno-incompatible-pointer-types-discards-qualifiers -Wno-unknown-pragmas -Wno-zero-as-null-pointer-constant -Wno-unused-parameter -Wno-unused-variable '-std=c++14' ";
				OTHER_LIBTOOLFLAGS = ("");
				OTHER_REZFLAGS = "";
				PRODUCT_NAME = "Diligent-Primitives";
				SECTORDER_FLAGS = "";
				SYMROOT = "/Users/smallville7123/StudioProjects/Graphical-Tool-Kit/MacOS/IMPORTED_CMAKE_PROJECTS/cpp/DiligentEngine/DiligentCore/Primitives";
				USE_HEADERMAP = NO;
				WARNING_CFLAGS = ("$(inherited)");
			};
			name = Release;
		};
		4A82EB6AF28047C0A8EB39AE /* RelWithDebInfo */ = {
			isa = XCBuildConfiguration;
			buildSettings = {
				COMBINE_HIDPI_IMAGES = YES;
				GCC_GENERATE_DEBUGGING_SYMBOLS = YES;
				GCC_INLINES_ARE_PRIVATE_EXTERN = NO;
				GCC_OPTIMIZATION_LEVEL = 0;
				GCC_PREPROCESSOR_DEFINITIONS = ("'CMAKE_INTDIR=\"$(CONFIGURATION)$(EFFECTIVE_PLATFORM_NAME)\"'");
				GCC_SYMBOLS_PRIVATE_EXTERN = NO;
				INSTALL_PATH = "";
				OTHER_LDFLAGS = ("");
				OTHER_REZFLAGS = "";
				PRODUCT_NAME = ZERO_CHECK;
				SECTORDER_FLAGS = "";
				SYMROOT = "/Users/smallville7123/StudioProjects/Graphical-Tool-Kit/MacOS/IMPORTED_CMAKE_PROJECTS/cpp/DiligentEngine/DiligentCore/Primitives";
				USE_HEADERMAP = NO;
				WARNING_CFLAGS = ("$(inherited)");
			};
			name = RelWithDebInfo;
		};
		548BA0C181124C84A615242D /* Release */ = {
			isa = XCBuildConfiguration;
			buildSettings = {
				COMBINE_HIDPI_IMAGES = YES;
				GCC_GENERATE_DEBUGGING_SYMBOLS = YES;
				GCC_INLINES_ARE_PRIVATE_EXTERN = NO;
				GCC_OPTIMIZATION_LEVEL = 0;
				GCC_PREPROCESSOR_DEFINITIONS = ("'CMAKE_INTDIR=\"$(CONFIGURATION)$(EFFECTIVE_PLATFORM_NAME)\"'");
				GCC_SYMBOLS_PRIVATE_EXTERN = NO;
				INSTALL_PATH = "";
				OTHER_LDFLAGS = ("");
				OTHER_REZFLAGS = "";
				PRODUCT_NAME = ALL_BUILD;
				SECTORDER_FLAGS = "";
				SYMROOT = "/Users/smallville7123/StudioProjects/Graphical-Tool-Kit/MacOS/IMPORTED_CMAKE_PROJECTS/cpp/DiligentEngine/DiligentCore/Primitives";
				USE_HEADERMAP = NO;
				WARNING_CFLAGS = ("$(inherited)");
			};
			name = Release;
		};
		6A8CDECEDF4D48078921AD02 /* RelWithDebInfo */ = {
			isa = XCBuildConfiguration;
			buildSettings = {
				ARCHS = "$(NATIVE_ARCH_ACTUAL)";
				MACOSX_DEPLOYMENT_TARGET = 10.15;
				ONLY_ACTIVE_ARCH = YES;
				SDKROOT = /Applications/Xcode.app/Contents/Developer/Platforms/MacOSX.platform/Developer/SDKs/MacOSX11.1.sdk;
				SYMROOT = "/Users/smallville7123/StudioProjects/Graphical-Tool-Kit/MacOS/IMPORTED_CMAKE_PROJECTS/cpp/DiligentEngine/DiligentCore/Primitives/build";
			};
			name = RelWithDebInfo;
		};
		702DA10726C349C0ABC8994C /* Release */ = {
			isa = XCBuildConfiguration;
			buildSettings = {
				COMBINE_HIDPI_IMAGES = YES;
				GCC_GENERATE_DEBUGGING_SYMBOLS = YES;
				GCC_INLINES_ARE_PRIVATE_EXTERN = NO;
				GCC_OPTIMIZATION_LEVEL = 0;
				GCC_PREPROCESSOR_DEFINITIONS = ("'CMAKE_INTDIR=\"$(CONFIGURATION)$(EFFECTIVE_PLATFORM_NAME)\"'");
				GCC_SYMBOLS_PRIVATE_EXTERN = NO;
				INSTALL_PATH = "";
				OTHER_LDFLAGS = ("");
				OTHER_REZFLAGS = "";
				PRODUCT_NAME = ZERO_CHECK;
				SECTORDER_FLAGS = "";
				SYMROOT = "/Users/smallville7123/StudioProjects/Graphical-Tool-Kit/MacOS/IMPORTED_CMAKE_PROJECTS/cpp/DiligentEngine/DiligentCore/Primitives";
				USE_HEADERMAP = NO;
				WARNING_CFLAGS = ("$(inherited)");
			};
			name = Release;
		};
		74AD2F8FF59542AE99EADC34 /* MinSizeRel */ = {
			isa = XCBuildConfiguration;
			buildSettings = {
				COMBINE_HIDPI_IMAGES = YES;
				GCC_GENERATE_DEBUGGING_SYMBOLS = YES;
				GCC_INLINES_ARE_PRIVATE_EXTERN = NO;
				GCC_OPTIMIZATION_LEVEL = 0;
				GCC_PREPROCESSOR_DEFINITIONS = ("'CMAKE_INTDIR=\"$(CONFIGURATION)$(EFFECTIVE_PLATFORM_NAME)\"'");
				GCC_SYMBOLS_PRIVATE_EXTERN = NO;
				INSTALL_PATH = "";
				OTHER_LDFLAGS = ("");
				OTHER_REZFLAGS = "";
				PRODUCT_NAME = ZERO_CHECK;
				SECTORDER_FLAGS = "";
				SYMROOT = "/Users/smallville7123/StudioProjects/Graphical-Tool-Kit/MacOS/IMPORTED_CMAKE_PROJECTS/cpp/DiligentEngine/DiligentCore/Primitives";
				USE_HEADERMAP = NO;
				WARNING_CFLAGS = ("$(inherited)");
			};
			name = MinSizeRel;
		};
		8F2EB80F0DBF451CAC1FB9CD /* Debug */ = {
			isa = XCBuildConfiguration;
			buildSettings = {
				COMBINE_HIDPI_IMAGES = YES;
				GCC_GENERATE_DEBUGGING_SYMBOLS = YES;
				GCC_INLINES_ARE_PRIVATE_EXTERN = NO;
				GCC_OPTIMIZATION_LEVEL = 0;
				GCC_PREPROCESSOR_DEFINITIONS = ("'CMAKE_INTDIR=\"$(CONFIGURATION)$(EFFECTIVE_PLATFORM_NAME)\"'");
				GCC_SYMBOLS_PRIVATE_EXTERN = NO;
				INSTALL_PATH = "";
				OTHER_LDFLAGS = ("");
				OTHER_REZFLAGS = "";
				PRODUCT_NAME = install;
				SECTORDER_FLAGS = "";
				SYMROOT = "/Users/smallville7123/StudioProjects/Graphical-Tool-Kit/MacOS/IMPORTED_CMAKE_PROJECTS/cpp/DiligentEngine/DiligentCore/Primitives";
				USE_HEADERMAP = NO;
				WARNING_CFLAGS = ("$(inherited)");
			};
			name = Debug;
		};
		9990F315A53340DEBB24FD07 /* Debug */ = {
			isa = XCBuildConfiguration;
			buildSettings = {
				COMBINE_HIDPI_IMAGES = YES;
				GCC_GENERATE_DEBUGGING_SYMBOLS = YES;
				GCC_INLINES_ARE_PRIVATE_EXTERN = NO;
				GCC_OPTIMIZATION_LEVEL = 0;
				GCC_PREPROCESSOR_DEFINITIONS = ("'CMAKE_INTDIR=\"$(CONFIGURATION)$(EFFECTIVE_PLATFORM_NAME)\"'");
				GCC_SYMBOLS_PRIVATE_EXTERN = NO;
				INSTALL_PATH = "";
				OTHER_LDFLAGS = ("");
				OTHER_REZFLAGS = "";
				PRODUCT_NAME = ALL_BUILD;
				SECTORDER_FLAGS = "";
				SYMROOT = "/Users/smallville7123/StudioProjects/Graphical-Tool-Kit/MacOS/IMPORTED_CMAKE_PROJECTS/cpp/DiligentEngine/DiligentCore/Primitives";
				USE_HEADERMAP = NO;
				WARNING_CFLAGS = ("$(inherited)");
			};
			name = Debug;
		};
		A8BA1B1944F349E8897D9C58 /* RelWithDebInfo */ = {
			isa = XCBuildConfiguration;
			buildSettings = {
				COMBINE_HIDPI_IMAGES = YES;
				GCC_GENERATE_DEBUGGING_SYMBOLS = YES;
				GCC_INLINES_ARE_PRIVATE_EXTERN = NO;
				GCC_OPTIMIZATION_LEVEL = 0;
				GCC_PREPROCESSOR_DEFINITIONS = ("'CMAKE_INTDIR=\"$(CONFIGURATION)$(EFFECTIVE_PLATFORM_NAME)\"'");
				GCC_SYMBOLS_PRIVATE_EXTERN = NO;
				INSTALL_PATH = "";
				OTHER_LDFLAGS = ("");
				OTHER_REZFLAGS = "";
				PRODUCT_NAME = ALL_BUILD;
				SECTORDER_FLAGS = "";
				SYMROOT = "/Users/smallville7123/StudioProjects/Graphical-Tool-Kit/MacOS/IMPORTED_CMAKE_PROJECTS/cpp/DiligentEngine/DiligentCore/Primitives";
				USE_HEADERMAP = NO;
				WARNING_CFLAGS = ("$(inherited)");
			};
			name = RelWithDebInfo;
		};
		C9BF3E9BD2DA4679859E71A1 /* Debug */ = {
			isa = XCBuildConfiguration;
			buildSettings = {
				COMBINE_HIDPI_IMAGES = YES;
				EXECUTABLE_PREFIX = lib;
				EXECUTABLE_SUFFIX = .a;
				GCC_GENERATE_DEBUGGING_SYMBOLS = YES;
				GCC_INLINES_ARE_PRIVATE_EXTERN = NO;
				GCC_OPTIMIZATION_LEVEL = 0;
				GCC_PREPROCESSOR_DEFINITIONS = ("'CMAKE_INTDIR=\"$(CONFIGURATION)$(EFFECTIVE_PLATFORM_NAME)\"'",PLATFORM_MACOS,_DEBUG,DEBUG,"'__forceinline=inline'","'PLATFORM_MACOS=1'","'D3D11_SUPPORTED=0'","'D3D12_SUPPORTED=0'","'GL_SUPPORTED=1'","'GLES_SUPPORTED=0'","'VULKAN_SUPPORTED=0'","'METAL_SUPPORTED=0'",DILIGENT_DEVELOPMENT,DILIGENT_DEBUG);
				GCC_SYMBOLS_PRIVATE_EXTERN = NO;
				HEADER_SEARCH_PATHS = ("/Users/smallville7123/StudioProjects/Graphical-Tool-Kit/app/src/main/cpp/DiligentEngine","/Users/smallville7123/StudioProjects/Graphical-Tool-Kit/app/src/main/cpp/DiligentEngine/DiligentCore/Primitives/interface","/Users/smallville7123/StudioProjects/Graphical-Tool-Kit/app/src/main/cpp/WINAPI_KERNEL","$(inherited)");
				INSTALL_PATH = "";
				LIBRARY_STYLE = STATIC;
				OTHER_CPLUSPLUSFLAGS = "   -fPIC -fvisibility=hidden -fvisibility-inlines-hidden -Werror -Wall -Wextra -Wuninitialized -Wconditional-uninitialized -Wextra-tokens -Wpointer-arith -Wloop-analysis -Wunused -Wno-overloaded-virtual -Wno-incompatible-pointer-types-discards-qualifiers -Wno-unknown-pragmas -Wno-zero-as-null-pointer-constant -Wno-unused-parameter '-std=c++14' ";
				OTHER_LIBTOOLFLAGS = ("");
				OTHER_REZFLAGS = "";
				PRODUCT_NAME = "Diligent-Primitives";
				SECTORDER_FLAGS = "";
				SYMROOT = "/Users/smallville7123/StudioProjects/Graphical-Tool-Kit/MacOS/IMPORTED_CMAKE_PROJECTS/cpp/DiligentEngine/DiligentCore/Primitives";
				USE_HEADERMAP = NO;
				WARNING_CFLAGS = ("$(inherited)");
			};
			name = Debug;
		};
		D00CEB997EC64D5A9043C54D /* MinSizeRel */ = {
			isa = XCBuildConfiguration;
			buildSettings = {
				COMBINE_HIDPI_IMAGES = YES;
				EXECUTABLE_PREFIX = lib;
				EXECUTABLE_SUFFIX = .a;
				GCC_GENERATE_DEBUGGING_SYMBOLS = NO;
				GCC_INLINES_ARE_PRIVATE_EXTERN = NO;
				GCC_OPTIMIZATION_LEVEL = s;
				GCC_PREPROCESSOR_DEFINITIONS = ("'CMAKE_INTDIR=\"$(CONFIGURATION)$(EFFECTIVE_PLATFORM_NAME)\"'",PLATFORM_MACOS,NDEBUG,"'__forceinline=inline'","'PLATFORM_MACOS=1'","'D3D11_SUPPORTED=0'","'D3D12_SUPPORTED=0'","'GL_SUPPORTED=1'","'GLES_SUPPORTED=0'","'VULKAN_SUPPORTED=0'","'METAL_SUPPORTED=0'");
				GCC_SYMBOLS_PRIVATE_EXTERN = NO;
				HEADER_SEARCH_PATHS = ("/Users/smallville7123/StudioProjects/Graphical-Tool-Kit/app/src/main/cpp/DiligentEngine","/Users/smallville7123/StudioProjects/Graphical-Tool-Kit/app/src/main/cpp/DiligentEngine/DiligentCore/Primitives/interface","/Users/smallville7123/StudioProjects/Graphical-Tool-Kit/app/src/main/cpp/WINAPI_KERNEL","$(inherited)");
				INSTALL_PATH = "";
				LIBRARY_STYLE = STATIC;
				OTHER_CPLUSPLUSFLAGS = "    -DNDEBUG -fPIC -fvisibility=hidden -fvisibility-inlines-hidden -Werror -Wall -Wextra -Wuninitialized -Wconditional-uninitialized -Wextra-tokens -Wpointer-arith -Wloop-analysis -Wunused -Wno-overloaded-virtual -Wno-incompatible-pointer-types-discards-qualifiers -Wno-unknown-pragmas -Wno-zero-as-null-pointer-constant -Wno-unused-parameter -Wno-unused-variable '-std=c++14' ";
				OTHER_LIBTOOLFLAGS = ("");
				OTHER_REZFLAGS = "";
				PRODUCT_NAME = "Diligent-Primitives";
				SECTORDER_FLAGS = "";
				SYMROOT = "/Users/smallville7123/StudioProjects/Graphical-Tool-Kit/MacOS/IMPORTED_CMAKE_PROJECTS/cpp/DiligentEngine/DiligentCore/Primitives";
				USE_HEADERMAP = NO;
				WARNING_CFLAGS = ("$(inherited)");
			};
			name = MinSizeRel;
		};
		D71E6DFF29294EFAA877F8C6 /* MinSizeRel */ = {
			isa = XCBuildConfiguration;
			buildSettings = {
				COMBINE_HIDPI_IMAGES = YES;
				GCC_GENERATE_DEBUGGING_SYMBOLS = YES;
				GCC_INLINES_ARE_PRIVATE_EXTERN = NO;
				GCC_OPTIMIZATION_LEVEL = 0;
				GCC_PREPROCESSOR_DEFINITIONS = ("'CMAKE_INTDIR=\"$(CONFIGURATION)$(EFFECTIVE_PLATFORM_NAME)\"'");
				GCC_SYMBOLS_PRIVATE_EXTERN = NO;
				INSTALL_PATH = "";
				OTHER_LDFLAGS = ("");
				OTHER_REZFLAGS = "";
				PRODUCT_NAME = ALL_BUILD;
				SECTORDER_FLAGS = "";
				SYMROOT = "/Users/smallville7123/StudioProjects/Graphical-Tool-Kit/MacOS/IMPORTED_CMAKE_PROJECTS/cpp/DiligentEngine/DiligentCore/Primitives";
				USE_HEADERMAP = NO;
				WARNING_CFLAGS = ("$(inherited)");
			};
			name = MinSizeRel;
		};
		DBEA72B75C4C4DCABD296DC4 /* Release */ = {
			isa = XCBuildConfiguration;
			buildSettings = {
				COMBINE_HIDPI_IMAGES = YES;
				GCC_GENERATE_DEBUGGING_SYMBOLS = YES;
				GCC_INLINES_ARE_PRIVATE_EXTERN = NO;
				GCC_OPTIMIZATION_LEVEL = 0;
				GCC_PREPROCESSOR_DEFINITIONS = ("'CMAKE_INTDIR=\"$(CONFIGURATION)$(EFFECTIVE_PLATFORM_NAME)\"'");
				GCC_SYMBOLS_PRIVATE_EXTERN = NO;
				INSTALL_PATH = "";
				OTHER_LDFLAGS = ("");
				OTHER_REZFLAGS = "";
				PRODUCT_NAME = install;
				SECTORDER_FLAGS = "";
				SYMROOT = "/Users/smallville7123/StudioProjects/Graphical-Tool-Kit/MacOS/IMPORTED_CMAKE_PROJECTS/cpp/DiligentEngine/DiligentCore/Primitives";
				USE_HEADERMAP = NO;
				WARNING_CFLAGS = ("$(inherited)");
			};
			name = Release;
		};
		FEDF85C842C94B0AAF76E979 /* Debug */ = {
			isa = XCBuildConfiguration;
			buildSettings = {
				COMBINE_HIDPI_IMAGES = YES;
				GCC_GENERATE_DEBUGGING_SYMBOLS = YES;
				GCC_INLINES_ARE_PRIVATE_EXTERN = NO;
				GCC_OPTIMIZATION_LEVEL = 0;
				GCC_PREPROCESSOR_DEFINITIONS = ("'CMAKE_INTDIR=\"$(CONFIGURATION)$(EFFECTIVE_PLATFORM_NAME)\"'");
				GCC_SYMBOLS_PRIVATE_EXTERN = NO;
				INSTALL_PATH = "";
				OTHER_LDFLAGS = ("");
				OTHER_REZFLAGS = "";
				PRODUCT_NAME = ZERO_CHECK;
				SECTORDER_FLAGS = "";
				SYMROOT = "/Users/smallville7123/StudioProjects/Graphical-Tool-Kit/MacOS/IMPORTED_CMAKE_PROJECTS/cpp/DiligentEngine/DiligentCore/Primitives";
				USE_HEADERMAP = NO;
				WARNING_CFLAGS = ("$(inherited)");
			};
			name = Debug;
		};
/* End XCBuildConfiguration section */

/* Begin XCConfigurationList section */
		06AA8D8CFD36459B8621D9BD /* Build configuration list for PBXAggregateTarget "ALL_BUILD" */ = {
			isa = XCConfigurationList;
			buildConfigurations = (
				9990F315A53340DEBB24FD07 /* Debug */,
				548BA0C181124C84A615242D /* Release */,
				D71E6DFF29294EFAA877F8C6 /* MinSizeRel */,
				A8BA1B1944F349E8897D9C58 /* RelWithDebInfo */,
			);
			defaultConfigurationIsVisible = 0;
			defaultConfigurationName = Debug;
		};
		5AE718F70F3D4E3499D6179D /* Build configuration list for PBXProject "Diligent-Primitives" */ = {
			isa = XCConfigurationList;
			buildConfigurations = (
				269E58639E834DC8880A1527 /* Debug */,
				1145D16BF9D04ED6960FCBF3 /* Release */,
				0616077BA3B84BDC8D9F53DE /* MinSizeRel */,
				6A8CDECEDF4D48078921AD02 /* RelWithDebInfo */,
			);
			defaultConfigurationIsVisible = 0;
			defaultConfigurationName = Debug;
		};
		6B3C0DDE0EE3496BB57D4A4D /* Build configuration list for PBXAggregateTarget "install" */ = {
			isa = XCConfigurationList;
			buildConfigurations = (
				8F2EB80F0DBF451CAC1FB9CD /* Debug */,
				DBEA72B75C4C4DCABD296DC4 /* Release */,
				1DD9A9FD075143CC807F98CE /* MinSizeRel */,
				24E9652722EA479D9872D55A /* RelWithDebInfo */,
			);
			defaultConfigurationIsVisible = 0;
			defaultConfigurationName = Debug;
		};
		92A838138BF344BA8450F816 /* Build configuration list for PBXNativeTarget "Diligent-Primitives" */ = {
			isa = XCConfigurationList;
			buildConfigurations = (
				C9BF3E9BD2DA4679859E71A1 /* Debug */,
				31ECE89E12DD49E9959DF8F0 /* Release */,
				D00CEB997EC64D5A9043C54D /* MinSizeRel */,
				2B20C11E237C464482707619 /* RelWithDebInfo */,
			);
			defaultConfigurationIsVisible = 0;
			defaultConfigurationName = Debug;
		};
		D615F9073EB94AB8BF7DBADC /* Build configuration list for PBXAggregateTarget "ZERO_CHECK" */ = {
			isa = XCConfigurationList;
			buildConfigurations = (
				FEDF85C842C94B0AAF76E979 /* Debug */,
				702DA10726C349C0ABC8994C /* Release */,
				74AD2F8FF59542AE99EADC34 /* MinSizeRel */,
				4A82EB6AF28047C0A8EB39AE /* RelWithDebInfo */,
			);
			defaultConfigurationIsVisible = 0;
			defaultConfigurationName = Debug;
		};
/* End XCConfigurationList section */
	};
	rootObject = 1134C22D8D97450A915961D8 /* Project object */;
}
